// !$*UTF8*$!
{
	archiveVersion = 1;
	classes = {
	};
	objectVersion = 46;
	objects = {

/* Begin PBXBuildFile section */
		5F163A9719F79BE50026080B /* Foundation.framework in Frameworks */ = {isa = PBXBuildFile; fileRef = 5F163A9619F79BE50026080B /* Foundation.framework */; };
		5F163A9919F79BE50026080B /* CoreGraphics.framework in Frameworks */ = {isa = PBXBuildFile; fileRef = 5F163A9819F79BE50026080B /* CoreGraphics.framework */; };
		5F163A9B19F79BE50026080B /* UIKit.framework in Frameworks */ = {isa = PBXBuildFile; fileRef = 5F163A9A19F79BE50026080B /* UIKit.framework */; };
		5F163AA119F79BE50026080B /* InfoPlist.strings in Resources */ = {isa = PBXBuildFile; fileRef = 5F163A9F19F79BE50026080B /* InfoPlist.strings */; };
		5F163AA319F79BE50026080B /* main.m in Sources */ = {isa = PBXBuildFile; fileRef = 5F163AA219F79BE50026080B /* main.m */; };
		5F163AA719F79BE50026080B /* AppDelegate.m in Sources */ = {isa = PBXBuildFile; fileRef = 5F163AA619F79BE50026080B /* AppDelegate.m */; };
		5F163AAA19F79BE50026080B /* Main.storyboard in Resources */ = {isa = PBXBuildFile; fileRef = 5F163AA819F79BE50026080B /* Main.storyboard */; };
		5F163AAF19F79BE50026080B /* Images.xcassets in Resources */ = {isa = PBXBuildFile; fileRef = 5F163AAE19F79BE50026080B /* Images.xcassets */; };
		5F163AB619F79BE50026080B /* XCTest.framework in Frameworks */ = {isa = PBXBuildFile; fileRef = 5F163AB519F79BE50026080B /* XCTest.framework */; };
		5F163AB719F79BE50026080B /* Foundation.framework in Frameworks */ = {isa = PBXBuildFile; fileRef = 5F163A9619F79BE50026080B /* Foundation.framework */; };
		5F163AB819F79BE50026080B /* UIKit.framework in Frameworks */ = {isa = PBXBuildFile; fileRef = 5F163A9A19F79BE50026080B /* UIKit.framework */; };
		5F163AC019F79BE50026080B /* InfoPlist.strings in Resources */ = {isa = PBXBuildFile; fileRef = 5F163ABE19F79BE50026080B /* InfoPlist.strings */; };
		5F163AC219F79BE50026080B /* afn_mantle_overcoatTests.m in Sources */ = {isa = PBXBuildFile; fileRef = 5F163AC119F79BE50026080B /* afn_mantle_overcoatTests.m */; };
		5F3240AB19F8A8D9004E994E /* OVCHTTPRequestOperationManager.m in Sources */ = {isa = PBXBuildFile; fileRef = 5F3240AA19F8A8D9004E994E /* OVCHTTPRequestOperationManager.m */; };
		5F3240AE19F8B091004E994E /* SResultModel.m in Sources */ = {isa = PBXBuildFile; fileRef = 5F3240AD19F8B091004E994E /* SResultModel.m */; };
		5F4361F919F7AC9800B6F3B4 /* UserModel.m in Sources */ = {isa = PBXBuildFile; fileRef = 5F4361F819F7AC9800B6F3B4 /* UserModel.m */; };
		5F4361FC19F7B59700B6F3B4 /* SearchResultViewController.m in Sources */ = {isa = PBXBuildFile; fileRef = 5F4361FB19F7B59700B6F3B4 /* SearchResultViewController.m */; };
		A5AFBAEBD796136218090225 /* libPods.a in Frameworks */ = {isa = PBXBuildFile; fileRef = 18908AE5EDB89837E2034A10 /* libPods.a */; };
/* End PBXBuildFile section */

/* Begin PBXContainerItemProxy section */
		5F163AB919F79BE50026080B /* PBXContainerItemProxy */ = {
			isa = PBXContainerItemProxy;
			containerPortal = 5F163A8B19F79BE50026080B /* Project object */;
			proxyType = 1;
			remoteGlobalIDString = 5F163A9219F79BE50026080B;
			remoteInfo = afn_mantle_overcoat;
		};
/* End PBXContainerItemProxy section */

/* Begin PBXFileReference section */
		18908AE5EDB89837E2034A10 /* libPods.a */ = {isa = PBXFileReference; explicitFileType = archive.ar; includeInIndex = 0; path = libPods.a; sourceTree = BUILT_PRODUCTS_DIR; };
		2E60833187DB37EE6EAD31DC /* Pods.debug.xcconfig */ = {isa = PBXFileReference; includeInIndex = 1; lastKnownFileType = text.xcconfig; name = Pods.debug.xcconfig; path = "Pods/Target Support Files/Pods/Pods.debug.xcconfig"; sourceTree = "<group>"; };
		5F163A9319F79BE50026080B /* afn_mantle_overcoat.app */ = {isa = PBXFileReference; explicitFileType = wrapper.application; includeInIndex = 0; path = afn_mantle_overcoat.app; sourceTree = BUILT_PRODUCTS_DIR; };
		5F163A9619F79BE50026080B /* Foundation.framework */ = {isa = PBXFileReference; lastKnownFileType = wrapper.framework; name = Foundation.framework; path = System/Library/Frameworks/Foundation.framework; sourceTree = SDKROOT; };
		5F163A9819F79BE50026080B /* CoreGraphics.framework */ = {isa = PBXFileReference; lastKnownFileType = wrapper.framework; name = CoreGraphics.framework; path = System/Library/Frameworks/CoreGraphics.framework; sourceTree = SDKROOT; };
		5F163A9A19F79BE50026080B /* UIKit.framework */ = {isa = PBXFileReference; lastKnownFileType = wrapper.framework; name = UIKit.framework; path = System/Library/Frameworks/UIKit.framework; sourceTree = SDKROOT; };
		5F163A9E19F79BE50026080B /* afn_mantle_overcoat-Info.plist */ = {isa = PBXFileReference; lastKnownFileType = text.plist.xml; path = "afn_mantle_overcoat-Info.plist"; sourceTree = "<group>"; };
		5F163AA019F79BE50026080B /* en */ = {isa = PBXFileReference; lastKnownFileType = text.plist.strings; name = en; path = en.lproj/InfoPlist.strings; sourceTree = "<group>"; };
		5F163AA219F79BE50026080B /* main.m */ = {isa = PBXFileReference; lastKnownFileType = sourcecode.c.objc; path = main.m; sourceTree = "<group>"; };
		5F163AA419F79BE50026080B /* afn_mantle_overcoat-Prefix.pch */ = {isa = PBXFileReference; lastKnownFileType = sourcecode.c.h; path = "afn_mantle_overcoat-Prefix.pch"; sourceTree = "<group>"; };
		5F163AA519F79BE50026080B /* AppDelegate.h */ = {isa = PBXFileReference; lastKnownFileType = sourcecode.c.h; path = AppDelegate.h; sourceTree = "<group>"; };
		5F163AA619F79BE50026080B /* AppDelegate.m */ = {isa = PBXFileReference; lastKnownFileType = sourcecode.c.objc; path = AppDelegate.m; sourceTree = "<group>"; };
		5F163AA919F79BE50026080B /* Base */ = {isa = PBXFileReference; lastKnownFileType = file.storyboard; name = Base; path = Base.lproj/Main.storyboard; sourceTree = "<group>"; };
		5F163AAE19F79BE50026080B /* Images.xcassets */ = {isa = PBXFileReference; lastKnownFileType = folder.assetcatalog; path = Images.xcassets; sourceTree = "<group>"; };
		5F163AB419F79BE50026080B /* afn_mantle_overcoatTests.xctest */ = {isa = PBXFileReference; explicitFileType = wrapper.cfbundle; includeInIndex = 0; path = afn_mantle_overcoatTests.xctest; sourceTree = BUILT_PRODUCTS_DIR; };
		5F163AB519F79BE50026080B /* XCTest.framework */ = {isa = PBXFileReference; lastKnownFileType = wrapper.framework; name = XCTest.framework; path = Library/Frameworks/XCTest.framework; sourceTree = DEVELOPER_DIR; };
		5F163ABD19F79BE50026080B /* afn_mantle_overcoatTests-Info.plist */ = {isa = PBXFileReference; lastKnownFileType = text.plist.xml; path = "afn_mantle_overcoatTests-Info.plist"; sourceTree = "<group>"; };
		5F163ABF19F79BE50026080B /* en */ = {isa = PBXFileReference; lastKnownFileType = text.plist.strings; name = en; path = en.lproj/InfoPlist.strings; sourceTree = "<group>"; };
		5F163AC119F79BE50026080B /* afn_mantle_overcoatTests.m */ = {isa = PBXFileReference; lastKnownFileType = sourcecode.c.objc; path = afn_mantle_overcoatTests.m; sourceTree = "<group>"; };
		5F3240A919F8A8D9004E994E /* OVCHTTPRequestOperationManager.h */ = {isa = PBXFileReference; fileEncoding = 4; lastKnownFileType = sourcecode.c.h; path = OVCHTTPRequestOperationManager.h; sourceTree = "<group>"; };
		5F3240AA19F8A8D9004E994E /* OVCHTTPRequestOperationManager.m */ = {isa = PBXFileReference; fileEncoding = 4; lastKnownFileType = sourcecode.c.objc; path = OVCHTTPRequestOperationManager.m; sourceTree = "<group>"; };
		5F3240AC19F8B091004E994E /* SResultModel.h */ = {isa = PBXFileReference; fileEncoding = 4; lastKnownFileType = sourcecode.c.h; path = SResultModel.h; sourceTree = "<group>"; };
		5F3240AD19F8B091004E994E /* SResultModel.m */ = {isa = PBXFileReference; fileEncoding = 4; lastKnownFileType = sourcecode.c.objc; path = SResultModel.m; sourceTree = "<group>"; };
		5F4361F719F7AC9800B6F3B4 /* UserModel.h */ = {isa = PBXFileReference; fileEncoding = 4; lastKnownFileType = sourcecode.c.h; path = UserModel.h; sourceTree = "<group>"; };
		5F4361F819F7AC9800B6F3B4 /* UserModel.m */ = {isa = PBXFileReference; fileEncoding = 4; lastKnownFileType = sourcecode.c.objc; path = UserModel.m; sourceTree = "<group>"; };
		5F4361FA19F7B59700B6F3B4 /* SearchResultViewController.h */ = {isa = PBXFileReference; fileEncoding = 4; lastKnownFileType = sourcecode.c.h; path = SearchResultViewController.h; sourceTree = "<group>"; };
		5F4361FB19F7B59700B6F3B4 /* SearchResultViewController.m */ = {isa = PBXFileReference; fileEncoding = 4; lastKnownFileType = sourcecode.c.objc; path = SearchResultViewController.m; sourceTree = "<group>"; };
		83203A0AE148A5618EBCBF80 /* Pods.release.xcconfig */ = {isa = PBXFileReference; includeInIndex = 1; lastKnownFileType = text.xcconfig; name = Pods.release.xcconfig; path = "Pods/Target Support Files/Pods/Pods.release.xcconfig"; sourceTree = "<group>"; };
/* End PBXFileReference section */

/* Begin PBXFrameworksBuildPhase section */
		5F163A9019F79BE50026080B /* Frameworks */ = {
			isa = PBXFrameworksBuildPhase;
			buildActionMask = 2147483647;
			files = (
				5F163A9919F79BE50026080B /* CoreGraphics.framework in Frameworks */,
				5F163A9B19F79BE50026080B /* UIKit.framework in Frameworks */,
				5F163A9719F79BE50026080B /* Foundation.framework in Frameworks */,
				A5AFBAEBD796136218090225 /* libPods.a in Frameworks */,
			);
			runOnlyForDeploymentPostprocessing = 0;
		};
		5F163AB119F79BE50026080B /* Frameworks */ = {
			isa = PBXFrameworksBuildPhase;
			buildActionMask = 2147483647;
			files = (
				5F163AB619F79BE50026080B /* XCTest.framework in Frameworks */,
				5F163AB819F79BE50026080B /* UIKit.framework in Frameworks */,
				5F163AB719F79BE50026080B /* Foundation.framework in Frameworks */,
			);
			runOnlyForDeploymentPostprocessing = 0;
		};
/* End PBXFrameworksBuildPhase section */

/* Begin PBXGroup section */
		5F163A8A19F79BE50026080B = {
			isa = PBXGroup;
			children = (
				5F163A9C19F79BE50026080B /* afn_mantle_overcoat */,
				5F163ABB19F79BE50026080B /* afn_mantle_overcoatTests */,
				5F163A9519F79BE50026080B /* Frameworks */,
				5F163A9419F79BE50026080B /* Products */,
				DF850E90ED35559A6159EFFB /* Pods */,
			);
			sourceTree = "<group>";
		};
		5F163A9419F79BE50026080B /* Products */ = {
			isa = PBXGroup;
			children = (
				5F163A9319F79BE50026080B /* afn_mantle_overcoat.app */,
				5F163AB419F79BE50026080B /* afn_mantle_overcoatTests.xctest */,
			);
			name = Products;
			sourceTree = "<group>";
		};
		5F163A9519F79BE50026080B /* Frameworks */ = {
			isa = PBXGroup;
			children = (
				5F163A9619F79BE50026080B /* Foundation.framework */,
				5F163A9819F79BE50026080B /* CoreGraphics.framework */,
				5F163A9A19F79BE50026080B /* UIKit.framework */,
				5F163AB519F79BE50026080B /* XCTest.framework */,
				18908AE5EDB89837E2034A10 /* libPods.a */,
			);
			name = Frameworks;
			sourceTree = "<group>";
		};
		5F163A9C19F79BE50026080B /* afn_mantle_overcoat */ = {
			isa = PBXGroup;
			children = (
				5F163AA519F79BE50026080B /* AppDelegate.h */,
				5F163AA619F79BE50026080B /* AppDelegate.m */,
				5F4361FA19F7B59700B6F3B4 /* SearchResultViewController.h */,
				5F4361FB19F7B59700B6F3B4 /* SearchResultViewController.m */,
				5F3240A919F8A8D9004E994E /* OVCHTTPRequestOperationManager.h */,
				5F3240AA19F8A8D9004E994E /* OVCHTTPRequestOperationManager.m */,
				5F3240AC19F8B091004E994E /* SResultModel.h */,
				5F3240AD19F8B091004E994E /* SResultModel.m */,
				5F4361F719F7AC9800B6F3B4 /* UserModel.h */,
				5F4361F819F7AC9800B6F3B4 /* UserModel.m */,
				5F163AA819F79BE50026080B /* Main.storyboard */,
				5F163AAE19F79BE50026080B /* Images.xcassets */,
				5F163A9D19F79BE50026080B /* Supporting Files */,
			);
			path = afn_mantle_overcoat;
			sourceTree = "<group>";
		};
		5F163A9D19F79BE50026080B /* Supporting Files */ = {
			isa = PBXGroup;
			children = (
				5F163A9E19F79BE50026080B /* afn_mantle_overcoat-Info.plist */,
				5F163A9F19F79BE50026080B /* InfoPlist.strings */,
				5F163AA219F79BE50026080B /* main.m */,
				5F163AA419F79BE50026080B /* afn_mantle_overcoat-Prefix.pch */,
			);
			name = "Supporting Files";
			sourceTree = "<group>";
		};
		5F163ABB19F79BE50026080B /* afn_mantle_overcoatTests */ = {
			isa = PBXGroup;
			children = (
				5F163AC119F79BE50026080B /* afn_mantle_overcoatTests.m */,
				5F163ABC19F79BE50026080B /* Supporting Files */,
			);
			path = afn_mantle_overcoatTests;
			sourceTree = "<group>";
		};
		5F163ABC19F79BE50026080B /* Supporting Files */ = {
			isa = PBXGroup;
			children = (
				5F163ABD19F79BE50026080B /* afn_mantle_overcoatTests-Info.plist */,
				5F163ABE19F79BE50026080B /* InfoPlist.strings */,
			);
			name = "Supporting Files";
			sourceTree = "<group>";
		};
		DF850E90ED35559A6159EFFB /* Pods */ = {
			isa = PBXGroup;
			children = (
				2E60833187DB37EE6EAD31DC /* Pods.debug.xcconfig */,
				83203A0AE148A5618EBCBF80 /* Pods.release.xcconfig */,
			);
			name = Pods;
			sourceTree = "<group>";
		};
/* End PBXGroup section */

/* Begin PBXNativeTarget section */
		5F163A9219F79BE50026080B /* afn_mantle_overcoat */ = {
			isa = PBXNativeTarget;
			buildConfigurationList = 5F163AC519F79BE50026080B /* Build configuration list for PBXNativeTarget "afn_mantle_overcoat" */;
			buildPhases = (
				706094EE461921EBE7A8D7F7 /* Check Pods Manifest.lock */,
				5F163A8F19F79BE50026080B /* Sources */,
				5F163A9019F79BE50026080B /* Frameworks */,
				5F163A9119F79BE50026080B /* Resources */,
				C97B7C577B168D21F233E332 /* Copy Pods Resources */,
			);
			buildRules = (
			);
			dependencies = (
			);
			name = afn_mantle_overcoat;
			productName = afn_mantle_overcoat;
			productReference = 5F163A9319F79BE50026080B /* afn_mantle_overcoat.app */;
			productType = "com.apple.product-type.application";
		};
		5F163AB319F79BE50026080B /* afn_mantle_overcoatTests */ = {
			isa = PBXNativeTarget;
			buildConfigurationList = 5F163AC819F79BE50026080B /* Build configuration list for PBXNativeTarget "afn_mantle_overcoatTests" */;
			buildPhases = (
				5F163AB019F79BE50026080B /* Sources */,
				5F163AB119F79BE50026080B /* Frameworks */,
				5F163AB219F79BE50026080B /* Resources */,
			);
			buildRules = (
			);
			dependencies = (
				5F163ABA19F79BE50026080B /* PBXTargetDependency */,
			);
			name = afn_mantle_overcoatTests;
			productName = afn_mantle_overcoatTests;
			productReference = 5F163AB419F79BE50026080B /* afn_mantle_overcoatTests.xctest */;
			productType = "com.apple.product-type.bundle.unit-test";
		};
/* End PBXNativeTarget section */

/* Begin PBXProject section */
		5F163A8B19F79BE50026080B /* Project object */ = {
			isa = PBXProject;
			attributes = {
				LastUpgradeCheck = 0510;
				ORGANIZATIONNAME = liumiao;
				TargetAttributes = {
					5F163AB319F79BE50026080B = {
						TestTargetID = 5F163A9219F79BE50026080B;
					};
				};
			};
			buildConfigurationList = 5F163A8E19F79BE50026080B /* Build configuration list for PBXProject "afn_mantle_overcoat" */;
			compatibilityVersion = "Xcode 3.2";
			developmentRegion = English;
			hasScannedForEncodings = 0;
			knownRegions = (
				en,
				Base,
			);
			mainGroup = 5F163A8A19F79BE50026080B;
			productRefGroup = 5F163A9419F79BE50026080B /* Products */;
			projectDirPath = "";
			projectRoot = "";
			targets = (
				5F163A9219F79BE50026080B /* afn_mantle_overcoat */,
				5F163AB319F79BE50026080B /* afn_mantle_overcoatTests */,
			);
		};
/* End PBXProject section */

/* Begin PBXResourcesBuildPhase section */
		5F163A9119F79BE50026080B /* Resources */ = {
			isa = PBXResourcesBuildPhase;
			buildActionMask = 2147483647;
			files = (
				5F163AAF19F79BE50026080B /* Images.xcassets in Resources */,
				5F163AA119F79BE50026080B /* InfoPlist.strings in Resources */,
				5F163AAA19F79BE50026080B /* Main.storyboard in Resources */,
			);
			runOnlyForDeploymentPostprocessing = 0;
		};
		5F163AB219F79BE50026080B /* Resources */ = {
			isa = PBXResourcesBuildPhase;
			buildActionMask = 2147483647;
			files = (
				5F163AC019F79BE50026080B /* InfoPlist.strings in Resources */,
			);
			runOnlyForDeploymentPostprocessing = 0;
		};
/* End PBXResourcesBuildPhase section */

/* Begin PBXShellScriptBuildPhase section */
		706094EE461921EBE7A8D7F7 /* Check Pods Manifest.lock */ = {
			isa = PBXShellScriptBuildPhase;
			buildActionMask = 2147483647;
			files = (
			);
			inputPaths = (
			);
			name = "Check Pods Manifest.lock";
			outputPaths = (
			);
			runOnlyForDeploymentPostprocessing = 0;
			shellPath = /bin/sh;
			shellScript = "diff \"${PODS_ROOT}/../Podfile.lock\" \"${PODS_ROOT}/Manifest.lock\" > /dev/null\nif [[ $? != 0 ]] ; then\n    cat << EOM\nerror: The sandbox is not in sync with the Podfile.lock. Run 'pod install' or update your CocoaPods installation.\nEOM\n    exit 1\nfi\n";
			showEnvVarsInLog = 0;
		};
		C97B7C577B168D21F233E332 /* Copy Pods Resources */ = {
			isa = PBXShellScriptBuildPhase;
			buildActionMask = 2147483647;
			files = (
			);
			inputPaths = (
			);
			name = "Copy Pods Resources";
			outputPaths = (
			);
			runOnlyForDeploymentPostprocessing = 0;
			shellPath = /bin/sh;
			shellScript = "\"${SRCROOT}/Pods/Target Support Files/Pods/Pods-resources.sh\"\n";
			showEnvVarsInLog = 0;
		};
/* End PBXShellScriptBuildPhase section */

/* Begin PBXSourcesBuildPhase section */
		5F163A8F19F79BE50026080B /* Sources */ = {
			isa = PBXSourcesBuildPhase;
			buildActionMask = 2147483647;
			files = (
				5F163AA719F79BE50026080B /* AppDelegate.m in Sources */,
				5F4361F919F7AC9800B6F3B4 /* UserModel.m in Sources */,
				5F3240AE19F8B091004E994E /* SResultModel.m in Sources */,
				5F163AA319F79BE50026080B /* main.m in Sources */,
				5F4361FC19F7B59700B6F3B4 /* SearchResultViewController.m in Sources */,
				5F3240AB19F8A8D9004E994E /* OVCHTTPRequestOperationManager.m in Sources */,
			);
			runOnlyForDeploymentPostprocessing = 0;
		};
		5F163AB019F79BE50026080B /* Sources */ = {
			isa = PBXSourcesBuildPhase;
			buildActionMask = 2147483647;
			files = (
				5F163AC219F79BE50026080B /* afn_mantle_overcoatTests.m in Sources */,
			);
			runOnlyForDeploymentPostprocessing = 0;
		};
/* End PBXSourcesBuildPhase section */

/* Begin PBXTargetDependency section */
		5F163ABA19F79BE50026080B /* PBXTargetDependency */ = {
			isa = PBXTargetDependency;
			target = 5F163A9219F79BE50026080B /* afn_mantle_overcoat */;
			targetProxy = 5F163AB919F79BE50026080B /* PBXContainerItemProxy */;
		};
/* End PBXTargetDependency section */

/* Begin PBXVariantGroup section */
		5F163A9F19F79BE50026080B /* InfoPlist.strings */ = {
			isa = PBXVariantGroup;
			children = (
				5F163AA019F79BE50026080B /* en */,
			);
			name = InfoPlist.strings;
			sourceTree = "<group>";
		};
		5F163AA819F79BE50026080B /* Main.storyboard */ = {
			isa = PBXVariantGroup;
			children = (
				5F163AA919F79BE50026080B /* Base */,
			);
			name = Main.storyboard;
			sourceTree = "<group>";
		};
		5F163ABE19F79BE50026080B /* InfoPlist.strings */ = {
			isa = PBXVariantGroup;
			children = (
				5F163ABF19F79BE50026080B /* en */,
			);
			name = InfoPlist.strings;
			sourceTree = "<group>";
		};
/* End PBXVariantGroup section */

/* Begin XCBuildConfiguration section */
		5F163AC319F79BE50026080B /* Debug */ = {
			isa = XCBuildConfiguration;
			buildSettings = {
				ALWAYS_SEARCH_USER_PATHS = NO;
				CLANG_CXX_LANGUAGE_STANDARD = "gnu++0x";
				CLANG_CXX_LIBRARY = "libc++";
				CLANG_ENABLE_MODULES = YES;
				CLANG_ENABLE_OBJC_ARC = YES;
				CLANG_WARN_BOOL_CONVERSION = YES;
				CLANG_WARN_CONSTANT_CONVERSION = YES;
				CLANG_WARN_DIRECT_OBJC_ISA_USAGE = YES_ERROR;
				CLANG_WARN_EMPTY_BODY = YES;
				CLANG_WARN_ENUM_CONVERSION = YES;
				CLANG_WARN_INT_CONVERSION = YES;
				CLANG_WARN_OBJC_ROOT_CLASS = YES_ERROR;
				CLANG_WARN__DUPLICATE_METHOD_MATCH = YES;
				"CODE_SIGN_IDENTITY[sdk=iphoneos*]" = "iPhone Developer";
				COPY_PHASE_STRIP = NO;
				GCC_C_LANGUAGE_STANDARD = gnu99;
				GCC_DYNAMIC_NO_PIC = NO;
				GCC_OPTIMIZATION_LEVEL = 0;
				GCC_PREPROCESSOR_DEFINITIONS = (
					"DEBUG=1",
					"$(inherited)",
				);
				GCC_SYMBOLS_PRIVATE_EXTERN = NO;
				GCC_WARN_64_TO_32_BIT_CONVERSION = YES;
				GCC_WARN_ABOUT_RETURN_TYPE = YES_ERROR;
				GCC_WARN_UNDECLARED_SELECTOR = YES;
				GCC_WARN_UNINITIALIZED_AUTOS = YES_AGGRESSIVE;
				GCC_WARN_UNUSED_FUNCTION = YES;
				GCC_WARN_UNUSED_VARIABLE = YES;
				IPHONEOS_DEPLOYMENT_TARGET = 7.1;
				ONLY_ACTIVE_ARCH = YES;
				SDKROOT = iphoneos;
			};
			name = Debug;
		};
		5F163AC419F79BE50026080B /* Release */ = {
			isa = XCBuildConfiguration;
			buildSettings = {
				ALWAYS_SEARCH_USER_PATHS = NO;
				CLANG_CXX_LANGUAGE_STANDARD = "gnu++0x";
				CLANG_CXX_LIBRARY = "libc++";
				CLANG_ENABLE_MODULES = YES;
				CLANG_ENABLE_OBJC_ARC = YES;
				CLANG_WARN_BOOL_CONVERSION = YES;
				CLANG_WARN_CONSTANT_CONVERSION = YES;
				CLANG_WARN_DIRECT_OBJC_ISA_USAGE = YES_ERROR;
				CLANG_WARN_EMPTY_BODY = YES;
				CLANG_WARN_ENUM_CONVERSION = YES;
				CLANG_WARN_INT_CONVERSION = YES;
				CLANG_WARN_OBJC_ROOT_CLASS = YES_ERROR;
				CLANG_WARN__DUPLICATE_METHOD_MATCH = YES;
				"CODE_SIGN_IDENTITY[sdk=iphoneos*]" = "iPhone Developer";
				COPY_PHASE_STRIP = YES;
				ENABLE_NS_ASSERTIONS = NO;
				GCC_C_LANGUAGE_STANDARD = gnu99;
				GCC_WARN_64_TO_32_BIT_CONVERSION = YES;
				GCC_WARN_ABOUT_RETURN_TYPE = YES_ERROR;
				GCC_WARN_UNDECLARED_SELECTOR = YES;
				GCC_WARN_UNINITIALIZED_AUTOS = YES_AGGRESSIVE;
				GCC_WARN_UNUSED_FUNCTION = YES;
				GCC_WARN_UNUSED_VARIABLE = YES;
				IPHONEOS_DEPLOYMENT_TARGET = 7.1;
				SDKROOT = iphoneos;
				VALIDATE_PRODUCT = YES;
			};
			name = Release;
		};
		5F163AC619F79BE50026080B /* Debug */ = {
			isa = XCBuildConfiguration;
			baseConfigurationReference = 2E60833187DB37EE6EAD31DC /* Pods.debug.xcconfig */;
			buildSettings = {
				ASSETCATALOG_COMPILER_APPICON_NAME = AppIcon;
				ASSETCATALOG_COMPILER_LAUNCHIMAGE_NAME = LaunchImage;
				GCC_PRECOMPILE_PREFIX_HEADER = YES;
				GCC_PREFIX_HEADER = "afn_mantle_overcoat/afn_mantle_overcoat-Prefix.pch";
				INFOPLIST_FILE = "afn_mantle_overcoat/afn_mantle_overcoat-Info.plist";
				IPHONEOS_DEPLOYMENT_TARGET = 6.0;
				ONLY_ACTIVE_ARCH = YES;
				PRODUCT_NAME = "$(TARGET_NAME)";
				VALID_ARCHS = armv7;
				WRAPPER_EXTENSION = app;
			};
			name = Debug;
		};
		5F163AC719F79BE50026080B /* Release */ = {
			isa = XCBuildConfiguration;
			baseConfigurationReference = 83203A0AE148A5618EBCBF80 /* Pods.release.xcconfig */;
			buildSettings = {
				ASSETCATALOG_COMPILER_APPICON_NAME = AppIcon;
				ASSETCATALOG_COMPILER_LAUNCHIMAGE_NAME = LaunchImage;
				GCC_PRECOMPILE_PREFIX_HEADER = YES;
				GCC_PREFIX_HEADER = "afn_mantle_overcoat/afn_mantle_overcoat-Prefix.pch";
				INFOPLIST_FILE = "afn_mantle_overcoat/afn_mantle_overcoat-Info.plist";
				IPHONEOS_DEPLOYMENT_TARGET = 6.0;
				ONLY_ACTIVE_ARCH = YES;
				PRODUCT_NAME = "$(TARGET_NAME)";
				VALID_ARCHS = armv7;
				WRAPPER_EXTENSION = app;
			};
			name = Release;
		};
		5F163AC919F79BE50026080B /* Debug */ = {
			isa = XCBuildConfiguration;
			buildSettings = {
				BUNDLE_LOADER = "$(BUILT_PRODUCTS_DIR)/afn_mantle_overcoat.app/afn_mantle_overcoat";
				FRAMEWORK_SEARCH_PATHS = (
					"$(SDKROOT)/Developer/Library/Frameworks",
					"$(inherited)",
					"$(DEVELOPER_FRAMEWORKS_DIR)",
				);
				GCC_PRECOMPILE_PREFIX_HEADER = YES;
				GCC_PREFIX_HEADER = "afn_mantle_overcoat/afn_mantle_overcoat-Prefix.pch";
				GCC_PREPROCESSOR_DEFINITIONS = (
					"DEBUG=1",
					"$(inherited)",
				);
				INFOPLIST_FILE = "afn_mantle_overcoatTests/afn_mantle_overcoatTests-Info.plist";
				PRODUCT_NAME = "$(TARGET_NAME)";
				TEST_HOST = "$(BUNDLE_LOADER)";
				WRAPPER_EXTENSION = xctest;
			};
			name = Debug;
		};
		5F163ACA19F79BE50026080B /* Release */ = {
			isa = XCBuildConfiguration;
			buildSettings = {
				BUNDLE_LOADER = "$(BUILT_PRODUCTS_DIR)/afn_mantle_overcoat.app/afn_mantle_overcoat";
				FRAMEWORK_SEARCH_PATHS = (
					"$(SDKROOT)/Developer/Library/Frameworks",
					"$(inherited)",
					"$(DEVELOPER_FRAMEWORKS_DIR)",
				);
				GCC_PRECOMPILE_PREFIX_HEADER = YES;
				GCC_PREFIX_HEADER = "afn_mantle_overcoat/afn_mantle_overcoat-Prefix.pch";
				INFOPLIST_FILE = "afn_mantle_overcoatTests/afn_mantle_overcoatTests-Info.plist";
				PRODUCT_NAME = "$(TARGET_NAME)";
				TEST_HOST = "$(BUNDLE_LOADER)";
				WRAPPER_EXTENSION = xctest;
			};
			name = Release;
		};
/* End XCBuildConfiguration section */

/* Begin XCConfigurationList section */
		5F163A8E19F79BE50026080B /* Build configuration list for PBXProject "afn_mantle_overcoat" */ = {
			isa = XCConfigurationList;
			buildConfigurations = (
				5F163AC319F79BE50026080B /* Debug */,
				5F163AC419F79BE50026080B /* Release */,
			);
			defaultConfigurationIsVisible = 0;
			defaultConfigurationName = Release;
		};
		5F163AC519F79BE50026080B /* Build configuration list for PBXNativeTarget "afn_mantle_overcoat" */ = {
			isa = XCConfigurationList;
			buildConfigurations = (
				5F163AC619F79BE50026080B /* Debug */,
				5F163AC719F79BE50026080B /* Release */,
			);
			defaultConfigurationIsVisible = 0;
			defaultConfigurationName = Release;
		};
		5F163AC819F79BE50026080B /* Build configuration list for PBXNativeTarget "afn_mantle_overcoatTests" */ = {
			isa = XCConfigurationList;
			buildConfigurations = (
				5F163AC919F79BE50026080B /* Debug */,
				5F163ACA19F79BE50026080B /* Release */,
			);
			defaultConfigurationIsVisible = 0;
			defaultConfigurationName = Release;
		};
/* End XCConfigurationList section */
	};
	rootObject = 5F163A8B19F79BE50026080B /* Project object */;
}
