// !$*UTF8*$!
{
	archiveVersion = 1;
	classes = {
	};
	objectVersion = 46;
	objects = {

/* Begin PBXBuildFile section */
		3BADBBF919D7FC3A001F091D /* AFHTTPRequestOperation.m in Sources */ = {isa = PBXBuildFile; fileRef = 3BADBBD519D7FC3A001F091D /* AFHTTPRequestOperation.m */; };
		3BADBBFA19D7FC3A001F091D /* AFHTTPRequestOperationManager.m in Sources */ = {isa = PBXBuildFile; fileRef = 3BADBBD719D7FC3A001F091D /* AFHTTPRequestOperationManager.m */; };
		3BADBBFB19D7FC3A001F091D /* AFHTTPSessionManager.m in Sources */ = {isa = PBXBuildFile; fileRef = 3BADBBD919D7FC3A001F091D /* AFHTTPSessionManager.m */; };
		3BADBBFC19D7FC3A001F091D /* AFNetworkReachabilityManager.m in Sources */ = {isa = PBXBuildFile; fileRef = 3BADBBDC19D7FC3A001F091D /* AFNetworkReachabilityManager.m */; };
		3BADBBFD19D7FC3A001F091D /* AFSecurityPolicy.m in Sources */ = {isa = PBXBuildFile; fileRef = 3BADBBDE19D7FC3A001F091D /* AFSecurityPolicy.m */; };
		3BADBBFE19D7FC3A001F091D /* AFURLConnectionOperation.m in Sources */ = {isa = PBXBuildFile; fileRef = 3BADBBE019D7FC3A001F091D /* AFURLConnectionOperation.m */; };
		3BADBBFF19D7FC3A001F091D /* AFURLRequestSerialization.m in Sources */ = {isa = PBXBuildFile; fileRef = 3BADBBE219D7FC3A001F091D /* AFURLRequestSerialization.m */; };
		3BADBC0019D7FC3A001F091D /* AFURLResponseSerialization.m in Sources */ = {isa = PBXBuildFile; fileRef = 3BADBBE419D7FC3A001F091D /* AFURLResponseSerialization.m */; };
		3BADBC0119D7FC3A001F091D /* AFURLSessionManager.m in Sources */ = {isa = PBXBuildFile; fileRef = 3BADBBE619D7FC3A001F091D /* AFURLSessionManager.m */; };
		3BADBC0219D7FC3A001F091D /* AFNetworkActivityIndicatorManager.m in Sources */ = {isa = PBXBuildFile; fileRef = 3BADBBE919D7FC3A001F091D /* AFNetworkActivityIndicatorManager.m */; };
		3BADBC0319D7FC3A001F091D /* UIActivityIndicatorView+AFNetworking.m in Sources */ = {isa = PBXBuildFile; fileRef = 3BADBBEB19D7FC3A001F091D /* UIActivityIndicatorView+AFNetworking.m */; };
		3BADBC0419D7FC3A001F091D /* UIAlertView+AFNetworking.m in Sources */ = {isa = PBXBuildFile; fileRef = 3BADBBED19D7FC3A001F091D /* UIAlertView+AFNetworking.m */; };
		3BADBC0519D7FC3A001F091D /* UIButton+AFNetworking.m in Sources */ = {isa = PBXBuildFile; fileRef = 3BADBBEF19D7FC3A001F091D /* UIButton+AFNetworking.m */; };
		3BADBC0619D7FC3A001F091D /* UIImageView+AFNetworking.m in Sources */ = {isa = PBXBuildFile; fileRef = 3BADBBF119D7FC3A001F091D /* UIImageView+AFNetworking.m */; };
		3BADBC0719D7FC3A001F091D /* UIProgressView+AFNetworking.m in Sources */ = {isa = PBXBuildFile; fileRef = 3BADBBF419D7FC3A001F091D /* UIProgressView+AFNetworking.m */; };
		3BADBC0819D7FC3A001F091D /* UIRefreshControl+AFNetworking.m in Sources */ = {isa = PBXBuildFile; fileRef = 3BADBBF619D7FC3A001F091D /* UIRefreshControl+AFNetworking.m */; };
		3BADBC0919D7FC3A001F091D /* UIWebView+AFNetworking.m in Sources */ = {isa = PBXBuildFile; fileRef = 3BADBBF819D7FC3A001F091D /* UIWebView+AFNetworking.m */; };
		3BADBC0D19D81FDC001F091D /* AFAppDotNetAPIClient.m in Sources */ = {isa = PBXBuildFile; fileRef = 3BADBC0C19D81FDC001F091D /* AFAppDotNetAPIClient.m */; };
		4E4B997719221D6E00BC2050 /* Security.framework in Frameworks */ = {isa = PBXBuildFile; fileRef = 4E4B997619221D6E00BC2050 /* Security.framework */; };
		4E4B997919221D7500BC2050 /* libiconv.dylib in Frameworks */ = {isa = PBXBuildFile; fileRef = 4E4B997819221D7400BC2050 /* libiconv.dylib */; };
		5F022CA8196E91F3009DFB94 /* knowledge_5_1_0.db in Resources */ = {isa = PBXBuildFile; fileRef = 5F022CA7196E91F3009DFB94 /* knowledge_5_1_0.db */; };
		5F5F93201959187C007250E3 /* libresolv.dylib in Frameworks */ = {isa = PBXBuildFile; fileRef = 5F5F931F1959187C007250E3 /* libresolv.dylib */; };
		5FA68670195BF6D800AE9702 /* StoreKit.framework in Frameworks */ = {isa = PBXBuildFile; fileRef = 5FA6866F195BF6D800AE9702 /* StoreKit.framework */; };
		5FA68672195BF6F500AE9702 /* CoreMotion.framework in Frameworks */ = {isa = PBXBuildFile; fileRef = 5FA68671195BF6F500AE9702 /* CoreMotion.framework */; };
		DA20BA32193DBE1B00838886 /* channel.dat in Resources */ = {isa = PBXBuildFile; fileRef = DA20BA31193DBE1B00838886 /* channel.dat */; };
		DA2AA2B219B5E45500DE4E53 /* iflyMSC.framework in Frameworks */ = {isa = PBXBuildFile; fileRef = DA3996B718EBF43900FAF152 /* iflyMSC.framework */; };
		DA39918518EBB6BA00FAF152 /* Foundation.framework in Frameworks */ = {isa = PBXBuildFile; fileRef = DA39918418EBB6BA00FAF152 /* Foundation.framework */; };
		DA39918718EBB6BA00FAF152 /* CoreGraphics.framework in Frameworks */ = {isa = PBXBuildFile; fileRef = DA39918618EBB6BA00FAF152 /* CoreGraphics.framework */; };
		DA39918918EBB6BA00FAF152 /* UIKit.framework in Frameworks */ = {isa = PBXBuildFile; fileRef = DA39918818EBB6BA00FAF152 /* UIKit.framework */; };
		DA39918B18EBB6BA00FAF152 /* CoreData.framework in Frameworks */ = {isa = PBXBuildFile; fileRef = DA39918A18EBB6BA00FAF152 /* CoreData.framework */; };
		DA39919118EBB6BA00FAF152 /* InfoPlist.strings in Resources */ = {isa = PBXBuildFile; fileRef = DA39918F18EBB6BA00FAF152 /* InfoPlist.strings */; };
		DA39919318EBB6BA00FAF152 /* main.m in Sources */ = {isa = PBXBuildFile; fileRef = DA39919218EBB6BA00FAF152 /* main.m */; };
		DA39919A18EBB6BA00FAF152 /* pregnancy.xcdatamodeld in Sources */ = {isa = PBXBuildFile; fileRef = DA39919818EBB6BA00FAF152 /* pregnancy.xcdatamodeld */; };
		DA39919C18EBB6BA00FAF152 /* Images.xcassets in Resources */ = {isa = PBXBuildFile; fileRef = DA39919B18EBB6BA00FAF152 /* Images.xcassets */; };
		DA3991A318EBB6BA00FAF152 /* XCTest.framework in Frameworks */ = {isa = PBXBuildFile; fileRef = DA3991A218EBB6BA00FAF152 /* XCTest.framework */; };
		DA3991A418EBB6BA00FAF152 /* Foundation.framework in Frameworks */ = {isa = PBXBuildFile; fileRef = DA39918418EBB6BA00FAF152 /* Foundation.framework */; };
		DA3991A518EBB6BA00FAF152 /* UIKit.framework in Frameworks */ = {isa = PBXBuildFile; fileRef = DA39918818EBB6BA00FAF152 /* UIKit.framework */; };
		DA3991A618EBB6BA00FAF152 /* CoreData.framework in Frameworks */ = {isa = PBXBuildFile; fileRef = DA39918A18EBB6BA00FAF152 /* CoreData.framework */; };
		DA3991AE18EBB6BA00FAF152 /* InfoPlist.strings in Resources */ = {isa = PBXBuildFile; fileRef = DA3991AC18EBB6BA00FAF152 /* InfoPlist.strings */; };
		DA3991B018EBB6BA00FAF152 /* pregnancyTests.m in Sources */ = {isa = PBXBuildFile; fileRef = DA3991AF18EBB6BA00FAF152 /* pregnancyTests.m */; };
		DA39923F18EBC0EC00FAF152 /* AdSupport.framework in Frameworks */ = {isa = PBXBuildFile; fileRef = DA39923E18EBC0EC00FAF152 /* AdSupport.framework */; settings = {ATTRIBUTES = (Weak, ); }; };
		DA39924118EBC0F500FAF152 /* CoreAudio.framework in Frameworks */ = {isa = PBXBuildFile; fileRef = DA39924018EBC0F500FAF152 /* CoreAudio.framework */; };
		DA39924318EBC0FE00FAF152 /* CoreMedia.framework in Frameworks */ = {isa = PBXBuildFile; fileRef = DA39924218EBC0FE00FAF152 /* CoreMedia.framework */; };
		DA39924518EBC10900FAF152 /* AudioToolbox.framework in Frameworks */ = {isa = PBXBuildFile; fileRef = DA39924418EBC10900FAF152 /* AudioToolbox.framework */; };
		DA39924718EBC11500FAF152 /* MediaPlayer.framework in Frameworks */ = {isa = PBXBuildFile; fileRef = DA39924618EBC11500FAF152 /* MediaPlayer.framework */; };
		DA39924918EBC11E00FAF152 /* AddressBook.framework in Frameworks */ = {isa = PBXBuildFile; fileRef = DA39924818EBC11E00FAF152 /* AddressBook.framework */; };
		DA39924B18EBC12C00FAF152 /* SystemConfiguration.framework in Frameworks */ = {isa = PBXBuildFile; fileRef = DA39924A18EBC12C00FAF152 /* SystemConfiguration.framework */; };
		DA39924D18EBC13D00FAF152 /* MobileCoreServices.framework in Frameworks */ = {isa = PBXBuildFile; fileRef = DA39924C18EBC13C00FAF152 /* MobileCoreServices.framework */; };
		DA39924F18EBC14F00FAF152 /* libicucore.dylib in Frameworks */ = {isa = PBXBuildFile; fileRef = DA39924E18EBC14F00FAF152 /* libicucore.dylib */; };
		DA39925118EBC15A00FAF152 /* MapKit.framework in Frameworks */ = {isa = PBXBuildFile; fileRef = DA39925018EBC15A00FAF152 /* MapKit.framework */; };
		DA39925318EBC16300FAF152 /* ImageIO.framework in Frameworks */ = {isa = PBXBuildFile; fileRef = DA39925218EBC16300FAF152 /* ImageIO.framework */; };
		DA39925518EBC16E00FAF152 /* AVFoundation.framework in Frameworks */ = {isa = PBXBuildFile; fileRef = DA39925418EBC16E00FAF152 /* AVFoundation.framework */; };
		DA39925718EBC17B00FAF152 /* CoreLocation.framework in Frameworks */ = {isa = PBXBuildFile; fileRef = DA39925618EBC17B00FAF152 /* CoreLocation.framework */; };
		DA39925918EBC18700FAF152 /* MessageUI.framework in Frameworks */ = {isa = PBXBuildFile; fileRef = DA39925818EBC18700FAF152 /* MessageUI.framework */; };
		DA39925B18EBC19500FAF152 /* libsqlite3.dylib in Frameworks */ = {isa = PBXBuildFile; fileRef = DA39925A18EBC19500FAF152 /* libsqlite3.dylib */; };
		DA39925D18EBC19D00FAF152 /* CFNetwork.framework in Frameworks */ = {isa = PBXBuildFile; fileRef = DA39925C18EBC19D00FAF152 /* CFNetwork.framework */; };
		DA39925F18EBC1B200FAF152 /* CoreTelephony.framework in Frameworks */ = {isa = PBXBuildFile; fileRef = DA39925E18EBC1B200FAF152 /* CoreTelephony.framework */; };
		DA39926118EBC1BB00FAF152 /* QuartzCore.framework in Frameworks */ = {isa = PBXBuildFile; fileRef = DA39926018EBC1BB00FAF152 /* QuartzCore.framework */; };
		DA39926318EBC1C900FAF152 /* libz.dylib in Frameworks */ = {isa = PBXBuildFile; fileRef = DA39926218EBC1C900FAF152 /* libz.dylib */; };
		DA39926518EBC1F900FAF152 /* CoreText.framework in Frameworks */ = {isa = PBXBuildFile; fileRef = DA39926418EBC1F900FAF152 /* CoreText.framework */; };
		DA72133D199896F800D7D4B8 /* CommonErrorCode.plist in Resources */ = {isa = PBXBuildFile; fileRef = DA72133C199896F800D7D4B8 /* CommonErrorCode.plist */; };
		DAFAF0221934620E00C18D1D /* terms.html in Resources */ = {isa = PBXBuildFile; fileRef = DAFAF0211934620E00C18D1D /* terms.html */; };
		DAFD84FA1907BCA8003364FD /* location.db in Resources */ = {isa = PBXBuildFile; fileRef = DAFD84F91907BCA8003364FD /* location.db */; };
/* End PBXBuildFile section */

/* Begin PBXContainerItemProxy section */
		DA3991A718EBB6BA00FAF152 /* PBXContainerItemProxy */ = {
			isa = PBXContainerItemProxy;
			containerPortal = DA39917918EBB6BA00FAF152 /* Project object */;
			proxyType = 1;
			remoteGlobalIDString = DA39918018EBB6BA00FAF152;
			remoteInfo = pregnancy;
		};
/* End PBXContainerItemProxy section */

/* Begin PBXFileReference section */
		3BADBBD419D7FC3A001F091D /* AFHTTPRequestOperation.h */ = {isa = PBXFileReference; fileEncoding = 4; lastKnownFileType = sourcecode.c.h; path = AFHTTPRequestOperation.h; sourceTree = "<group>"; };
		3BADBBD519D7FC3A001F091D /* AFHTTPRequestOperation.m */ = {isa = PBXFileReference; fileEncoding = 4; lastKnownFileType = sourcecode.c.objc; path = AFHTTPRequestOperation.m; sourceTree = "<group>"; };
		3BADBBD619D7FC3A001F091D /* AFHTTPRequestOperationManager.h */ = {isa = PBXFileReference; fileEncoding = 4; lastKnownFileType = sourcecode.c.h; path = AFHTTPRequestOperationManager.h; sourceTree = "<group>"; };
		3BADBBD719D7FC3A001F091D /* AFHTTPRequestOperationManager.m */ = {isa = PBXFileReference; fileEncoding = 4; lastKnownFileType = sourcecode.c.objc; path = AFHTTPRequestOperationManager.m; sourceTree = "<group>"; };
		3BADBBD819D7FC3A001F091D /* AFHTTPSessionManager.h */ = {isa = PBXFileReference; fileEncoding = 4; lastKnownFileType = sourcecode.c.h; path = AFHTTPSessionManager.h; sourceTree = "<group>"; };
		3BADBBD919D7FC3A001F091D /* AFHTTPSessionManager.m */ = {isa = PBXFileReference; fileEncoding = 4; lastKnownFileType = sourcecode.c.objc; path = AFHTTPSessionManager.m; sourceTree = "<group>"; };
		3BADBBDA19D7FC3A001F091D /* AFNetworking.h */ = {isa = PBXFileReference; fileEncoding = 4; lastKnownFileType = sourcecode.c.h; path = AFNetworking.h; sourceTree = "<group>"; };
		3BADBBDB19D7FC3A001F091D /* AFNetworkReachabilityManager.h */ = {isa = PBXFileReference; fileEncoding = 4; lastKnownFileType = sourcecode.c.h; path = AFNetworkReachabilityManager.h; sourceTree = "<group>"; };
		3BADBBDC19D7FC3A001F091D /* AFNetworkReachabilityManager.m */ = {isa = PBXFileReference; fileEncoding = 4; lastKnownFileType = sourcecode.c.objc; path = AFNetworkReachabilityManager.m; sourceTree = "<group>"; };
		3BADBBDD19D7FC3A001F091D /* AFSecurityPolicy.h */ = {isa = PBXFileReference; fileEncoding = 4; lastKnownFileType = sourcecode.c.h; path = AFSecurityPolicy.h; sourceTree = "<group>"; };
		3BADBBDE19D7FC3A001F091D /* AFSecurityPolicy.m */ = {isa = PBXFileReference; fileEncoding = 4; lastKnownFileType = sourcecode.c.objc; path = AFSecurityPolicy.m; sourceTree = "<group>"; };
		3BADBBDF19D7FC3A001F091D /* AFURLConnectionOperation.h */ = {isa = PBXFileReference; fileEncoding = 4; lastKnownFileType = sourcecode.c.h; path = AFURLConnectionOperation.h; sourceTree = "<group>"; };
		3BADBBE019D7FC3A001F091D /* AFURLConnectionOperation.m */ = {isa = PBXFileReference; fileEncoding = 4; lastKnownFileType = sourcecode.c.objc; path = AFURLConnectionOperation.m; sourceTree = "<group>"; };
		3BADBBE119D7FC3A001F091D /* AFURLRequestSerialization.h */ = {isa = PBXFileReference; fileEncoding = 4; lastKnownFileType = sourcecode.c.h; path = AFURLRequestSerialization.h; sourceTree = "<group>"; };
		3BADBBE219D7FC3A001F091D /* AFURLRequestSerialization.m */ = {isa = PBXFileReference; fileEncoding = 4; lastKnownFileType = sourcecode.c.objc; path = AFURLRequestSerialization.m; sourceTree = "<group>"; };
		3BADBBE319D7FC3A001F091D /* AFURLResponseSerialization.h */ = {isa = PBXFileReference; fileEncoding = 4; lastKnownFileType = sourcecode.c.h; path = AFURLResponseSerialization.h; sourceTree = "<group>"; };
		3BADBBE419D7FC3A001F091D /* AFURLResponseSerialization.m */ = {isa = PBXFileReference; fileEncoding = 4; lastKnownFileType = sourcecode.c.objc; path = AFURLResponseSerialization.m; sourceTree = "<group>"; };
		3BADBBE519D7FC3A001F091D /* AFURLSessionManager.h */ = {isa = PBXFileReference; fileEncoding = 4; lastKnownFileType = sourcecode.c.h; path = AFURLSessionManager.h; sourceTree = "<group>"; };
		3BADBBE619D7FC3A001F091D /* AFURLSessionManager.m */ = {isa = PBXFileReference; fileEncoding = 4; lastKnownFileType = sourcecode.c.objc; path = AFURLSessionManager.m; sourceTree = "<group>"; };
		3BADBBE819D7FC3A001F091D /* AFNetworkActivityIndicatorManager.h */ = {isa = PBXFileReference; fileEncoding = 4; lastKnownFileType = sourcecode.c.h; path = AFNetworkActivityIndicatorManager.h; sourceTree = "<group>"; };
		3BADBBE919D7FC3A001F091D /* AFNetworkActivityIndicatorManager.m */ = {isa = PBXFileReference; fileEncoding = 4; lastKnownFileType = sourcecode.c.objc; path = AFNetworkActivityIndicatorManager.m; sourceTree = "<group>"; };
		3BADBBEA19D7FC3A001F091D /* UIActivityIndicatorView+AFNetworking.h */ = {isa = PBXFileReference; fileEncoding = 4; lastKnownFileType = sourcecode.c.h; path = "UIActivityIndicatorView+AFNetworking.h"; sourceTree = "<group>"; };
		3BADBBEB19D7FC3A001F091D /* UIActivityIndicatorView+AFNetworking.m */ = {isa = PBXFileReference; fileEncoding = 4; lastKnownFileType = sourcecode.c.objc; path = "UIActivityIndicatorView+AFNetworking.m"; sourceTree = "<group>"; };
		3BADBBEC19D7FC3A001F091D /* UIAlertView+AFNetworking.h */ = {isa = PBXFileReference; fileEncoding = 4; lastKnownFileType = sourcecode.c.h; path = "UIAlertView+AFNetworking.h"; sourceTree = "<group>"; };
		3BADBBED19D7FC3A001F091D /* UIAlertView+AFNetworking.m */ = {isa = PBXFileReference; fileEncoding = 4; lastKnownFileType = sourcecode.c.objc; path = "UIAlertView+AFNetworking.m"; sourceTree = "<group>"; };
		3BADBBEE19D7FC3A001F091D /* UIButton+AFNetworking.h */ = {isa = PBXFileReference; fileEncoding = 4; lastKnownFileType = sourcecode.c.h; path = "UIButton+AFNetworking.h"; sourceTree = "<group>"; };
		3BADBBEF19D7FC3A001F091D /* UIButton+AFNetworking.m */ = {isa = PBXFileReference; fileEncoding = 4; lastKnownFileType = sourcecode.c.objc; path = "UIButton+AFNetworking.m"; sourceTree = "<group>"; };
		3BADBBF019D7FC3A001F091D /* UIImageView+AFNetworking.h */ = {isa = PBXFileReference; fileEncoding = 4; lastKnownFileType = sourcecode.c.h; path = "UIImageView+AFNetworking.h"; sourceTree = "<group>"; };
		3BADBBF119D7FC3A001F091D /* UIImageView+AFNetworking.m */ = {isa = PBXFileReference; fileEncoding = 4; lastKnownFileType = sourcecode.c.objc; path = "UIImageView+AFNetworking.m"; sourceTree = "<group>"; };
		3BADBBF219D7FC3A001F091D /* UIKit+AFNetworking.h */ = {isa = PBXFileReference; fileEncoding = 4; lastKnownFileType = sourcecode.c.h; path = "UIKit+AFNetworking.h"; sourceTree = "<group>"; };
		3BADBBF319D7FC3A001F091D /* UIProgressView+AFNetworking.h */ = {isa = PBXFileReference; fileEncoding = 4; lastKnownFileType = sourcecode.c.h; path = "UIProgressView+AFNetworking.h"; sourceTree = "<group>"; };
		3BADBBF419D7FC3A001F091D /* UIProgressView+AFNetworking.m */ = {isa = PBXFileReference; fileEncoding = 4; lastKnownFileType = sourcecode.c.objc; path = "UIProgressView+AFNetworking.m"; sourceTree = "<group>"; };
		3BADBBF519D7FC3A001F091D /* UIRefreshControl+AFNetworking.h */ = {isa = PBXFileReference; fileEncoding = 4; lastKnownFileType = sourcecode.c.h; path = "UIRefreshControl+AFNetworking.h"; sourceTree = "<group>"; };
		3BADBBF619D7FC3A001F091D /* UIRefreshControl+AFNetworking.m */ = {isa = PBXFileReference; fileEncoding = 4; lastKnownFileType = sourcecode.c.objc; path = "UIRefreshControl+AFNetworking.m"; sourceTree = "<group>"; };
		3BADBBF719D7FC3A001F091D /* UIWebView+AFNetworking.h */ = {isa = PBXFileReference; fileEncoding = 4; lastKnownFileType = sourcecode.c.h; path = "UIWebView+AFNetworking.h"; sourceTree = "<group>"; };
		3BADBBF819D7FC3A001F091D /* UIWebView+AFNetworking.m */ = {isa = PBXFileReference; fileEncoding = 4; lastKnownFileType = sourcecode.c.objc; path = "UIWebView+AFNetworking.m"; sourceTree = "<group>"; };
		3BADBC0B19D81FDC001F091D /* AFAppDotNetAPIClient.h */ = {isa = PBXFileReference; fileEncoding = 4; lastKnownFileType = sourcecode.c.h; path = AFAppDotNetAPIClient.h; sourceTree = "<group>"; };
		3BADBC0C19D81FDC001F091D /* AFAppDotNetAPIClient.m */ = {isa = PBXFileReference; fileEncoding = 4; lastKnownFileType = sourcecode.c.objc; path = AFAppDotNetAPIClient.m; sourceTree = "<group>"; };
		4E4B997619221D6E00BC2050 /* Security.framework */ = {isa = PBXFileReference; lastKnownFileType = wrapper.framework; name = Security.framework; path = System/Library/Frameworks/Security.framework; sourceTree = SDKROOT; };
		4E4B997819221D7400BC2050 /* libiconv.dylib */ = {isa = PBXFileReference; lastKnownFileType = "compiled.mach-o.dylib"; name = libiconv.dylib; path = usr/lib/libiconv.dylib; sourceTree = SDKROOT; };
		5F022CA7196E91F3009DFB94 /* knowledge_5_1_0.db */ = {isa = PBXFileReference; lastKnownFileType = file; path = knowledge_5_1_0.db; sourceTree = "<group>"; };
		5F5F931F1959187C007250E3 /* libresolv.dylib */ = {isa = PBXFileReference; lastKnownFileType = "compiled.mach-o.dylib"; name = libresolv.dylib; path = usr/lib/libresolv.dylib; sourceTree = SDKROOT; };
		5FA6866F195BF6D800AE9702 /* StoreKit.framework */ = {isa = PBXFileReference; lastKnownFileType = wrapper.framework; name = StoreKit.framework; path = System/Library/Frameworks/StoreKit.framework; sourceTree = SDKROOT; };
		5FA68671195BF6F500AE9702 /* CoreMotion.framework */ = {isa = PBXFileReference; lastKnownFileType = wrapper.framework; name = CoreMotion.framework; path = System/Library/Frameworks/CoreMotion.framework; sourceTree = SDKROOT; };
		DA20BA31193DBE1B00838886 /* channel.dat */ = {isa = PBXFileReference; fileEncoding = 4; lastKnownFileType = text; path = channel.dat; sourceTree = "<group>"; };
		DA39918118EBB6BA00FAF152 /* pregnancy.app */ = {isa = PBXFileReference; explicitFileType = wrapper.application; includeInIndex = 0; path = pregnancy.app; sourceTree = BUILT_PRODUCTS_DIR; };
		DA39918418EBB6BA00FAF152 /* Foundation.framework */ = {isa = PBXFileReference; lastKnownFileType = wrapper.framework; name = Foundation.framework; path = System/Library/Frameworks/Foundation.framework; sourceTree = SDKROOT; };
		DA39918618EBB6BA00FAF152 /* CoreGraphics.framework */ = {isa = PBXFileReference; lastKnownFileType = wrapper.framework; name = CoreGraphics.framework; path = System/Library/Frameworks/CoreGraphics.framework; sourceTree = SDKROOT; };
		DA39918818EBB6BA00FAF152 /* UIKit.framework */ = {isa = PBXFileReference; lastKnownFileType = wrapper.framework; name = UIKit.framework; path = System/Library/Frameworks/UIKit.framework; sourceTree = SDKROOT; };
		DA39918A18EBB6BA00FAF152 /* CoreData.framework */ = {isa = PBXFileReference; lastKnownFileType = wrapper.framework; name = CoreData.framework; path = System/Library/Frameworks/CoreData.framework; sourceTree = SDKROOT; };
		DA39918E18EBB6BA00FAF152 /* pregnancy-Info.plist */ = {isa = PBXFileReference; lastKnownFileType = text.plist.xml; path = "pregnancy-Info.plist"; sourceTree = "<group>"; };
		DA39919018EBB6BA00FAF152 /* en */ = {isa = PBXFileReference; lastKnownFileType = text.plist.strings; name = en; path = en.lproj/InfoPlist.strings; sourceTree = "<group>"; };
		DA39919218EBB6BA00FAF152 /* main.m */ = {isa = PBXFileReference; lastKnownFileType = sourcecode.c.objc; path = main.m; sourceTree = "<group>"; };
		DA39919418EBB6BA00FAF152 /* pregnancy-Prefix.pch */ = {isa = PBXFileReference; lastKnownFileType = sourcecode.c.h; path = "pregnancy-Prefix.pch"; sourceTree = "<group>"; };
		DA39919918EBB6BA00FAF152 /* pregnancy.xcdatamodel */ = {isa = PBXFileReference; lastKnownFileType = wrapper.xcdatamodel; path = pregnancy.xcdatamodel; sourceTree = "<group>"; };
		DA39919B18EBB6BA00FAF152 /* Images.xcassets */ = {isa = PBXFileReference; lastKnownFileType = folder.assetcatalog; path = Images.xcassets; sourceTree = "<group>"; };
		DA3991A118EBB6BA00FAF152 /* pregnancyTests.xctest */ = {isa = PBXFileReference; explicitFileType = wrapper.cfbundle; includeInIndex = 0; path = pregnancyTests.xctest; sourceTree = BUILT_PRODUCTS_DIR; };
		DA3991A218EBB6BA00FAF152 /* XCTest.framework */ = {isa = PBXFileReference; lastKnownFileType = wrapper.framework; name = XCTest.framework; path = Library/Frameworks/XCTest.framework; sourceTree = DEVELOPER_DIR; };
		DA3991AB18EBB6BA00FAF152 /* pregnancyTests-Info.plist */ = {isa = PBXFileReference; lastKnownFileType = text.plist.xml; path = "pregnancyTests-Info.plist"; sourceTree = "<group>"; };
		DA3991AD18EBB6BA00FAF152 /* en */ = {isa = PBXFileReference; lastKnownFileType = text.plist.strings; name = en; path = en.lproj/InfoPlist.strings; sourceTree = "<group>"; };
		DA3991AF18EBB6BA00FAF152 /* pregnancyTests.m */ = {isa = PBXFileReference; lastKnownFileType = sourcecode.c.objc; path = pregnancyTests.m; sourceTree = "<group>"; };
		DA39923E18EBC0EC00FAF152 /* AdSupport.framework */ = {isa = PBXFileReference; lastKnownFileType = wrapper.framework; name = AdSupport.framework; path = System/Library/Frameworks/AdSupport.framework; sourceTree = SDKROOT; };
		DA39924018EBC0F500FAF152 /* CoreAudio.framework */ = {isa = PBXFileReference; lastKnownFileType = wrapper.framework; name = CoreAudio.framework; path = System/Library/Frameworks/CoreAudio.framework; sourceTree = SDKROOT; };
		DA39924218EBC0FE00FAF152 /* CoreMedia.framework */ = {isa = PBXFileReference; lastKnownFileType = wrapper.framework; name = CoreMedia.framework; path = System/Library/Frameworks/CoreMedia.framework; sourceTree = SDKROOT; };
		DA39924418EBC10900FAF152 /* AudioToolbox.framework */ = {isa = PBXFileReference; lastKnownFileType = wrapper.framework; name = AudioToolbox.framework; path = System/Library/Frameworks/AudioToolbox.framework; sourceTree = SDKROOT; };
		DA39924618EBC11500FAF152 /* MediaPlayer.framework */ = {isa = PBXFileReference; lastKnownFileType = wrapper.framework; name = MediaPlayer.framework; path = System/Library/Frameworks/MediaPlayer.framework; sourceTree = SDKROOT; };
		DA39924818EBC11E00FAF152 /* AddressBook.framework */ = {isa = PBXFileReference; lastKnownFileType = wrapper.framework; name = AddressBook.framework; path = System/Library/Frameworks/AddressBook.framework; sourceTree = SDKROOT; };
		DA39924A18EBC12C00FAF152 /* SystemConfiguration.framework */ = {isa = PBXFileReference; lastKnownFileType = wrapper.framework; name = SystemConfiguration.framework; path = System/Library/Frameworks/SystemConfiguration.framework; sourceTree = SDKROOT; };
		DA39924C18EBC13C00FAF152 /* MobileCoreServices.framework */ = {isa = PBXFileReference; lastKnownFileType = wrapper.framework; name = MobileCoreServices.framework; path = System/Library/Frameworks/MobileCoreServices.framework; sourceTree = SDKROOT; };
		DA39924E18EBC14F00FAF152 /* libicucore.dylib */ = {isa = PBXFileReference; lastKnownFileType = "compiled.mach-o.dylib"; name = libicucore.dylib; path = usr/lib/libicucore.dylib; sourceTree = SDKROOT; };
		DA39925018EBC15A00FAF152 /* MapKit.framework */ = {isa = PBXFileReference; lastKnownFileType = wrapper.framework; name = MapKit.framework; path = System/Library/Frameworks/MapKit.framework; sourceTree = SDKROOT; };
		DA39925218EBC16300FAF152 /* ImageIO.framework */ = {isa = PBXFileReference; lastKnownFileType = wrapper.framework; name = ImageIO.framework; path = System/Library/Frameworks/ImageIO.framework; sourceTree = SDKROOT; };
		DA39925418EBC16E00FAF152 /* AVFoundation.framework */ = {isa = PBXFileReference; lastKnownFileType = wrapper.framework; name = AVFoundation.framework; path = System/Library/Frameworks/AVFoundation.framework; sourceTree = SDKROOT; };
		DA39925618EBC17B00FAF152 /* CoreLocation.framework */ = {isa = PBXFileReference; lastKnownFileType = wrapper.framework; name = CoreLocation.framework; path = System/Library/Frameworks/CoreLocation.framework; sourceTree = SDKROOT; };
		DA39925818EBC18700FAF152 /* MessageUI.framework */ = {isa = PBXFileReference; lastKnownFileType = wrapper.framework; name = MessageUI.framework; path = System/Library/Frameworks/MessageUI.framework; sourceTree = SDKROOT; };
		DA39925A18EBC19500FAF152 /* libsqlite3.dylib */ = {isa = PBXFileReference; lastKnownFileType = "compiled.mach-o.dylib"; name = libsqlite3.dylib; path = usr/lib/libsqlite3.dylib; sourceTree = SDKROOT; };
		DA39925C18EBC19D00FAF152 /* CFNetwork.framework */ = {isa = PBXFileReference; lastKnownFileType = wrapper.framework; name = CFNetwork.framework; path = System/Library/Frameworks/CFNetwork.framework; sourceTree = SDKROOT; };
		DA39925E18EBC1B200FAF152 /* CoreTelephony.framework */ = {isa = PBXFileReference; lastKnownFileType = wrapper.framework; name = CoreTelephony.framework; path = System/Library/Frameworks/CoreTelephony.framework; sourceTree = SDKROOT; };
		DA39926018EBC1BB00FAF152 /* QuartzCore.framework */ = {isa = PBXFileReference; lastKnownFileType = wrapper.framework; name = QuartzCore.framework; path = System/Library/Frameworks/QuartzCore.framework; sourceTree = SDKROOT; };
		DA39926218EBC1C900FAF152 /* libz.dylib */ = {isa = PBXFileReference; lastKnownFileType = "compiled.mach-o.dylib"; name = libz.dylib; path = usr/lib/libz.dylib; sourceTree = SDKROOT; };
		DA39926418EBC1F900FAF152 /* CoreText.framework */ = {isa = PBXFileReference; lastKnownFileType = wrapper.framework; name = CoreText.framework; path = System/Library/Frameworks/CoreText.framework; sourceTree = SDKROOT; };
		DA3996B718EBF43900FAF152 /* iflyMSC.framework */ = {isa = PBXFileReference; lastKnownFileType = wrapper.framework; name = iflyMSC.framework; path = pregnancyTests/iflyMSC.framework; sourceTree = "<group>"; };
		DA72133C199896F800D7D4B8 /* CommonErrorCode.plist */ = {isa = PBXFileReference; fileEncoding = 4; lastKnownFileType = text.plist.xml; path = CommonErrorCode.plist; sourceTree = "<group>"; };
		DAFAF0211934620E00C18D1D /* terms.html */ = {isa = PBXFileReference; fileEncoding = 4; lastKnownFileType = text.html; path = terms.html; sourceTree = "<group>"; };
		DAFD84F91907BCA8003364FD /* location.db */ = {isa = PBXFileReference; lastKnownFileType = file; path = location.db; sourceTree = "<group>"; };
		DAFD85A5190A005D003364FD /* BBAppConfig.h */ = {isa = PBXFileReference; fileEncoding = 4; lastKnownFileType = sourcecode.c.h; name = BBAppConfig.h; path = Common/BBAppConfig.h; sourceTree = "<group>"; };
		DAFD85A6190A005D003364FD /* BBConfigureAPI.h */ = {isa = PBXFileReference; fileEncoding = 4; lastKnownFileType = sourcecode.c.h; name = BBConfigureAPI.h; path = Common/BBConfigureAPI.h; sourceTree = "<group>"; };
/* End PBXFileReference section */

/* Begin PBXFrameworksBuildPhase section */
		DA39917E18EBB6BA00FAF152 /* Frameworks */ = {
			isa = PBXFrameworksBuildPhase;
			buildActionMask = 2147483647;
			files = (
				DA2AA2B219B5E45500DE4E53 /* iflyMSC.framework in Frameworks */,
				5FA68672195BF6F500AE9702 /* CoreMotion.framework in Frameworks */,
				5FA68670195BF6D800AE9702 /* StoreKit.framework in Frameworks */,
				5F5F93201959187C007250E3 /* libresolv.dylib in Frameworks */,
				DA39925F18EBC1B200FAF152 /* CoreTelephony.framework in Frameworks */,
				4E4B997919221D7500BC2050 /* libiconv.dylib in Frameworks */,
				4E4B997719221D6E00BC2050 /* Security.framework in Frameworks */,
				DA39926518EBC1F900FAF152 /* CoreText.framework in Frameworks */,
				DA39926318EBC1C900FAF152 /* libz.dylib in Frameworks */,
				DA39926118EBC1BB00FAF152 /* QuartzCore.framework in Frameworks */,
				DA39925D18EBC19D00FAF152 /* CFNetwork.framework in Frameworks */,
				DA39925B18EBC19500FAF152 /* libsqlite3.dylib in Frameworks */,
				DA39925918EBC18700FAF152 /* MessageUI.framework in Frameworks */,
				DA39925718EBC17B00FAF152 /* CoreLocation.framework in Frameworks */,
				DA39925518EBC16E00FAF152 /* AVFoundation.framework in Frameworks */,
				DA39925318EBC16300FAF152 /* ImageIO.framework in Frameworks */,
				DA39925118EBC15A00FAF152 /* MapKit.framework in Frameworks */,
				DA39924F18EBC14F00FAF152 /* libicucore.dylib in Frameworks */,
				DA39924D18EBC13D00FAF152 /* MobileCoreServices.framework in Frameworks */,
				DA39924B18EBC12C00FAF152 /* SystemConfiguration.framework in Frameworks */,
				DA39924918EBC11E00FAF152 /* AddressBook.framework in Frameworks */,
				DA39924718EBC11500FAF152 /* MediaPlayer.framework in Frameworks */,
				DA39924518EBC10900FAF152 /* AudioToolbox.framework in Frameworks */,
				DA39924318EBC0FE00FAF152 /* CoreMedia.framework in Frameworks */,
				DA39924118EBC0F500FAF152 /* CoreAudio.framework in Frameworks */,
				DA39923F18EBC0EC00FAF152 /* AdSupport.framework in Frameworks */,
				DA39918718EBB6BA00FAF152 /* CoreGraphics.framework in Frameworks */,
				DA39918B18EBB6BA00FAF152 /* CoreData.framework in Frameworks */,
				DA39918918EBB6BA00FAF152 /* UIKit.framework in Frameworks */,
				DA39918518EBB6BA00FAF152 /* Foundation.framework in Frameworks */,
			);
			runOnlyForDeploymentPostprocessing = 0;
		};
		DA39919E18EBB6BA00FAF152 /* Frameworks */ = {
			isa = PBXFrameworksBuildPhase;
			buildActionMask = 2147483647;
			files = (
				DA3991A318EBB6BA00FAF152 /* XCTest.framework in Frameworks */,
				DA3991A618EBB6BA00FAF152 /* CoreData.framework in Frameworks */,
				DA3991A518EBB6BA00FAF152 /* UIKit.framework in Frameworks */,
				DA3991A418EBB6BA00FAF152 /* Foundation.framework in Frameworks */,
			);
			runOnlyForDeploymentPostprocessing = 0;
		};
/* End PBXFrameworksBuildPhase section */

/* Begin PBXGroup section */
		3BADBBD219D7FC3A001F091D /* AFNetworking */ = {
			isa = PBXGroup;
			children = (
				3BADBC0A19D81FDC001F091D /* NetworkingExtensions */,
				3BADBBD319D7FC3A001F091D /* AFNetworking */,
				3BADBBE719D7FC3A001F091D /* UIKit+AFNetworking */,
			);
			path = AFNetworking;
			sourceTree = "<group>";
		};
		3BADBBD319D7FC3A001F091D /* AFNetworking */ = {
			isa = PBXGroup;
			children = (
				3BADBBD419D7FC3A001F091D /* AFHTTPRequestOperation.h */,
				3BADBBD519D7FC3A001F091D /* AFHTTPRequestOperation.m */,
				3BADBBD619D7FC3A001F091D /* AFHTTPRequestOperationManager.h */,
				3BADBBD719D7FC3A001F091D /* AFHTTPRequestOperationManager.m */,
				3BADBBD819D7FC3A001F091D /* AFHTTPSessionManager.h */,
				3BADBBD919D7FC3A001F091D /* AFHTTPSessionManager.m */,
				3BADBBDA19D7FC3A001F091D /* AFNetworking.h */,
				3BADBBDB19D7FC3A001F091D /* AFNetworkReachabilityManager.h */,
				3BADBBDC19D7FC3A001F091D /* AFNetworkReachabilityManager.m */,
				3BADBBDD19D7FC3A001F091D /* AFSecurityPolicy.h */,
				3BADBBDE19D7FC3A001F091D /* AFSecurityPolicy.m */,
				3BADBBDF19D7FC3A001F091D /* AFURLConnectionOperation.h */,
				3BADBBE019D7FC3A001F091D /* AFURLConnectionOperation.m */,
				3BADBBE119D7FC3A001F091D /* AFURLRequestSerialization.h */,
				3BADBBE219D7FC3A001F091D /* AFURLRequestSerialization.m */,
				3BADBBE319D7FC3A001F091D /* AFURLResponseSerialization.h */,
				3BADBBE419D7FC3A001F091D /* AFURLResponseSerialization.m */,
				3BADBBE519D7FC3A001F091D /* AFURLSessionManager.h */,
				3BADBBE619D7FC3A001F091D /* AFURLSessionManager.m */,
			);
			path = AFNetworking;
			sourceTree = "<group>";
		};
		3BADBBE719D7FC3A001F091D /* UIKit+AFNetworking */ = {
			isa = PBXGroup;
			children = (
				3BADBBE819D7FC3A001F091D /* AFNetworkActivityIndicatorManager.h */,
				3BADBBE919D7FC3A001F091D /* AFNetworkActivityIndicatorManager.m */,
				3BADBBEA19D7FC3A001F091D /* UIActivityIndicatorView+AFNetworking.h */,
				3BADBBEB19D7FC3A001F091D /* UIActivityIndicatorView+AFNetworking.m */,
				3BADBBEC19D7FC3A001F091D /* UIAlertView+AFNetworking.h */,
				3BADBBED19D7FC3A001F091D /* UIAlertView+AFNetworking.m */,
				3BADBBEE19D7FC3A001F091D /* UIButton+AFNetworking.h */,
				3BADBBEF19D7FC3A001F091D /* UIButton+AFNetworking.m */,
				3BADBBF019D7FC3A001F091D /* UIImageView+AFNetworking.h */,
				3BADBBF119D7FC3A001F091D /* UIImageView+AFNetworking.m */,
				3BADBBF219D7FC3A001F091D /* UIKit+AFNetworking.h */,
				3BADBBF319D7FC3A001F091D /* UIProgressView+AFNetworking.h */,
				3BADBBF419D7FC3A001F091D /* UIProgressView+AFNetworking.m */,
				3BADBBF519D7FC3A001F091D /* UIRefreshControl+AFNetworking.h */,
				3BADBBF619D7FC3A001F091D /* UIRefreshControl+AFNetworking.m */,
				3BADBBF719D7FC3A001F091D /* UIWebView+AFNetworking.h */,
				3BADBBF819D7FC3A001F091D /* UIWebView+AFNetworking.m */,
			);
			path = "UIKit+AFNetworking";
			sourceTree = "<group>";
		};
		3BADBC0A19D81FDC001F091D /* NetworkingExtensions */ = {
			isa = PBXGroup;
			children = (
				3BADBC0B19D81FDC001F091D /* AFAppDotNetAPIClient.h */,
				3BADBC0C19D81FDC001F091D /* AFAppDotNetAPIClient.m */,
			);
			path = NetworkingExtensions;
			sourceTree = "<group>";
		};
		DA39917818EBB6BA00FAF152 = {
			isa = PBXGroup;
			children = (
				DA39918C18EBB6BA00FAF152 /* pregnancy */,
				DA3991A918EBB6BA00FAF152 /* pregnancyTests */,
				DA39918318EBB6BA00FAF152 /* Frameworks */,
				DA39918218EBB6BA00FAF152 /* Products */,
			);
			sourceTree = "<group>";
		};
		DA39918218EBB6BA00FAF152 /* Products */ = {
			isa = PBXGroup;
			children = (
				DA39918118EBB6BA00FAF152 /* pregnancy.app */,
				DA3991A118EBB6BA00FAF152 /* pregnancyTests.xctest */,
			);
			name = Products;
			sourceTree = "<group>";
		};
		DA39918318EBB6BA00FAF152 /* Frameworks */ = {
			isa = PBXGroup;
			children = (
				5FA68671195BF6F500AE9702 /* CoreMotion.framework */,
				5FA6866F195BF6D800AE9702 /* StoreKit.framework */,
				5F5F931F1959187C007250E3 /* libresolv.dylib */,
				4E4B997819221D7400BC2050 /* libiconv.dylib */,
				4E4B997619221D6E00BC2050 /* Security.framework */,
				DA3996B718EBF43900FAF152 /* iflyMSC.framework */,
				DA39926418EBC1F900FAF152 /* CoreText.framework */,
				DA39926218EBC1C900FAF152 /* libz.dylib */,
				DA39926018EBC1BB00FAF152 /* QuartzCore.framework */,
				DA39925E18EBC1B200FAF152 /* CoreTelephony.framework */,
				DA39925C18EBC19D00FAF152 /* CFNetwork.framework */,
				DA39925A18EBC19500FAF152 /* libsqlite3.dylib */,
				DA39925818EBC18700FAF152 /* MessageUI.framework */,
				DA39925618EBC17B00FAF152 /* CoreLocation.framework */,
				DA39925418EBC16E00FAF152 /* AVFoundation.framework */,
				DA39925218EBC16300FAF152 /* ImageIO.framework */,
				DA39925018EBC15A00FAF152 /* MapKit.framework */,
				DA39924E18EBC14F00FAF152 /* libicucore.dylib */,
				DA39924C18EBC13C00FAF152 /* MobileCoreServices.framework */,
				DA39924A18EBC12C00FAF152 /* SystemConfiguration.framework */,
				DA39924818EBC11E00FAF152 /* AddressBook.framework */,
				DA39924618EBC11500FAF152 /* MediaPlayer.framework */,
				DA39924418EBC10900FAF152 /* AudioToolbox.framework */,
				DA39924218EBC0FE00FAF152 /* CoreMedia.framework */,
				DA39924018EBC0F500FAF152 /* CoreAudio.framework */,
				DA39923E18EBC0EC00FAF152 /* AdSupport.framework */,
				DA39918418EBB6BA00FAF152 /* Foundation.framework */,
				DA39918618EBB6BA00FAF152 /* CoreGraphics.framework */,
				DA39918818EBB6BA00FAF152 /* UIKit.framework */,
				DA39918A18EBB6BA00FAF152 /* CoreData.framework */,
				DA3991A218EBB6BA00FAF152 /* XCTest.framework */,
			);
			name = Frameworks;
			sourceTree = "<group>";
		};
		DA39918C18EBB6BA00FAF152 /* pregnancy */ = {
			isa = PBXGroup;
			children = (
				DAFD85A5190A005D003364FD /* BBAppConfig.h */,
				DAFD85A6190A005D003364FD /* BBConfigureAPI.h */,
				DA3995D618EBDAA300FAF152 /* ViewController */,
				DA3991FD18EBBB4000FAF152 /* ThirdPartyLib */,
				DA39919B18EBB6BA00FAF152 /* Images.xcassets */,
				DA39919818EBB6BA00FAF152 /* pregnancy.xcdatamodeld */,
				DA39918D18EBB6BA00FAF152 /* Supporting Files */,
			);
			path = pregnancy;
			sourceTree = "<group>";
		};
		DA39918D18EBB6BA00FAF152 /* Supporting Files */ = {
			isa = PBXGroup;
			children = (
				5F022CA7196E91F3009DFB94 /* knowledge_5_1_0.db */,
				DA72133C199896F800D7D4B8 /* CommonErrorCode.plist */,
				DA20BA31193DBE1B00838886 /* channel.dat */,
				DAFAF0211934620E00C18D1D /* terms.html */,
				DAFD84F91907BCA8003364FD /* location.db */,
				DA39918E18EBB6BA00FAF152 /* pregnancy-Info.plist */,
				DA39918F18EBB6BA00FAF152 /* InfoPlist.strings */,
				DA39919218EBB6BA00FAF152 /* main.m */,
				DA39919418EBB6BA00FAF152 /* pregnancy-Prefix.pch */,
			);
			name = "Supporting Files";
			sourceTree = "<group>";
		};
		DA3991A918EBB6BA00FAF152 /* pregnancyTests */ = {
			isa = PBXGroup;
			children = (
				DA3991AF18EBB6BA00FAF152 /* pregnancyTests.m */,
				DA3991AA18EBB6BA00FAF152 /* Supporting Files */,
			);
			path = pregnancyTests;
			sourceTree = "<group>";
		};
		DA3991AA18EBB6BA00FAF152 /* Supporting Files */ = {
			isa = PBXGroup;
			children = (
				DA3991AB18EBB6BA00FAF152 /* pregnancyTests-Info.plist */,
				DA3991AC18EBB6BA00FAF152 /* InfoPlist.strings */,
			);
			name = "Supporting Files";
			sourceTree = "<group>";
		};
		DA3991FD18EBBB4000FAF152 /* ThirdPartyLib */ = {
			isa = PBXGroup;
			children = (
				3BADBBD219D7FC3A001F091D /* AFNetworking */,
			);
			path = ThirdPartyLib;
			sourceTree = "<group>";
		};
		DA3995D618EBDAA300FAF152 /* ViewController */ = {
			isa = PBXGroup;
			children = (
			);
			path = ViewController;
			sourceTree = "<group>";
		};
/* End PBXGroup section */

/* Begin PBXNativeTarget section */
		DA39918018EBB6BA00FAF152 /* pregnancy */ = {
			isa = PBXNativeTarget;
			buildConfigurationList = DA3991B318EBB6BA00FAF152 /* Build configuration list for PBXNativeTarget "pregnancy" */;
			buildPhases = (
				DA39917D18EBB6BA00FAF152 /* Sources */,
				DA39917E18EBB6BA00FAF152 /* Frameworks */,
				DA39917F18EBB6BA00FAF152 /* Resources */,
			);
			buildRules = (
			);
			dependencies = (
			);
			name = pregnancy;
			productName = pregnancy;
			productReference = DA39918118EBB6BA00FAF152 /* pregnancy.app */;
			productType = "com.apple.product-type.application";
		};
		DA3991A018EBB6BA00FAF152 /* pregnancyTests */ = {
			isa = PBXNativeTarget;
			buildConfigurationList = DA3991B618EBB6BA00FAF152 /* Build configuration list for PBXNativeTarget "pregnancyTests" */;
			buildPhases = (
				DA39919D18EBB6BA00FAF152 /* Sources */,
				DA39919E18EBB6BA00FAF152 /* Frameworks */,
				DA39919F18EBB6BA00FAF152 /* Resources */,
			);
			buildRules = (
			);
			dependencies = (
				DA3991A818EBB6BA00FAF152 /* PBXTargetDependency */,
			);
			name = pregnancyTests;
			productName = pregnancyTests;
			productReference = DA3991A118EBB6BA00FAF152 /* pregnancyTests.xctest */;
			productType = "com.apple.product-type.bundle.unit-test";
		};
/* End PBXNativeTarget section */

/* Begin PBXProject section */
		DA39917918EBB6BA00FAF152 /* Project object */ = {
			isa = PBXProject;
			attributes = {
				CLASSPREFIX = BB;
				LastUpgradeCheck = 0510;
				ORGANIZATIONNAME = babytree;
				TargetAttributes = {
					DA39918018EBB6BA00FAF152 = {
						SystemCapabilities = {
							com.apple.BackgroundModes = {
								enabled = 1;
							};
						};
					};
					DA3991A018EBB6BA00FAF152 = {
						TestTargetID = DA39918018EBB6BA00FAF152;
					};
				};
			};
			buildConfigurationList = DA39917C18EBB6BA00FAF152 /* Build configuration list for PBXProject "pregnancy" */;
			compatibilityVersion = "Xcode 3.2";
			developmentRegion = English;
			hasScannedForEncodings = 0;
			knownRegions = (
				en,
				"zh-Hans",
				ja,
			);
			mainGroup = DA39917818EBB6BA00FAF152;
			productRefGroup = DA39918218EBB6BA00FAF152 /* Products */;
			projectDirPath = "";
			projectRoot = "";
			targets = (
				DA39918018EBB6BA00FAF152 /* pregnancy */,
				DA3991A018EBB6BA00FAF152 /* pregnancyTests */,
			);
		};
/* End PBXProject section */

/* Begin PBXResourcesBuildPhase section */
		DA39917F18EBB6BA00FAF152 /* Resources */ = {
			isa = PBXResourcesBuildPhase;
			buildActionMask = 2147483647;
			files = (
				DAFD84FA1907BCA8003364FD /* location.db in Resources */,
				DA72133D199896F800D7D4B8 /* CommonErrorCode.plist in Resources */,
				DA20BA32193DBE1B00838886 /* channel.dat in Resources */,
				DA39919118EBB6BA00FAF152 /* InfoPlist.strings in Resources */,
				DAFAF0221934620E00C18D1D /* terms.html in Resources */,
				DA39919C18EBB6BA00FAF152 /* Images.xcassets in Resources */,
				5F022CA8196E91F3009DFB94 /* knowledge_5_1_0.db in Resources */,
			);
			runOnlyForDeploymentPostprocessing = 0;
		};
		DA39919F18EBB6BA00FAF152 /* Resources */ = {
			isa = PBXResourcesBuildPhase;
			buildActionMask = 2147483647;
			files = (
				DA3991AE18EBB6BA00FAF152 /* InfoPlist.strings in Resources */,
			);
			runOnlyForDeploymentPostprocessing = 0;
		};
/* End PBXResourcesBuildPhase section */

/* Begin PBXSourcesBuildPhase section */
		DA39917D18EBB6BA00FAF152 /* Sources */ = {
			isa = PBXSourcesBuildPhase;
			buildActionMask = 2147483647;
			files = (
				3BADBBFA19D7FC3A001F091D /* AFHTTPRequestOperationManager.m in Sources */,
				3BADBC0819D7FC3A001F091D /* UIRefreshControl+AFNetworking.m in Sources */,
				3BADBC0219D7FC3A001F091D /* AFNetworkActivityIndicatorManager.m in Sources */,
				3BADBC0519D7FC3A001F091D /* UIButton+AFNetworking.m in Sources */,
				3BADBBFB19D7FC3A001F091D /* AFHTTPSessionManager.m in Sources */,
				3BADBC0919D7FC3A001F091D /* UIWebView+AFNetworking.m in Sources */,
				3BADBC0419D7FC3A001F091D /* UIAlertView+AFNetworking.m in Sources */,
				3BADBBFC19D7FC3A001F091D /* AFNetworkReachabilityManager.m in Sources */,
				3BADBC0619D7FC3A001F091D /* UIImageView+AFNetworking.m in Sources */,
				3BADBBF919D7FC3A001F091D /* AFHTTPRequestOperation.m in Sources */,
				DA39919318EBB6BA00FAF152 /* main.m in Sources */,
				3BADBBFE19D7FC3A001F091D /* AFURLConnectionOperation.m in Sources */,
				3BADBBFD19D7FC3A001F091D /* AFSecurityPolicy.m in Sources */,
				3BADBBFF19D7FC3A001F091D /* AFURLRequestSerialization.m in Sources */,
				3BADBC0319D7FC3A001F091D /* UIActivityIndicatorView+AFNetworking.m in Sources */,
				3BADBC0119D7FC3A001F091D /* AFURLSessionManager.m in Sources */,
				3BADBC0719D7FC3A001F091D /* UIProgressView+AFNetworking.m in Sources */,
				3BADBC0019D7FC3A001F091D /* AFURLResponseSerialization.m in Sources */,
				3BADBC0D19D81FDC001F091D /* AFAppDotNetAPIClient.m in Sources */,
				DA39919A18EBB6BA00FAF152 /* pregnancy.xcdatamodeld in Sources */,
			);
			runOnlyForDeploymentPostprocessing = 0;
		};
		DA39919D18EBB6BA00FAF152 /* Sources */ = {
			isa = PBXSourcesBuildPhase;
			buildActionMask = 2147483647;
			files = (
				DA3991B018EBB6BA00FAF152 /* pregnancyTests.m in Sources */,
			);
			runOnlyForDeploymentPostprocessing = 0;
		};
/* End PBXSourcesBuildPhase section */

/* Begin PBXTargetDependency section */
		DA3991A818EBB6BA00FAF152 /* PBXTargetDependency */ = {
			isa = PBXTargetDependency;
			target = DA39918018EBB6BA00FAF152 /* pregnancy */;
			targetProxy = DA3991A718EBB6BA00FAF152 /* PBXContainerItemProxy */;
		};
/* End PBXTargetDependency section */

/* Begin PBXVariantGroup section */
		DA39918F18EBB6BA00FAF152 /* InfoPlist.strings */ = {
			isa = PBXVariantGroup;
			children = (
				DA39919018EBB6BA00FAF152 /* en */,
			);
			name = InfoPlist.strings;
			sourceTree = "<group>";
		};
		DA3991AC18EBB6BA00FAF152 /* InfoPlist.strings */ = {
			isa = PBXVariantGroup;
			children = (
				DA3991AD18EBB6BA00FAF152 /* en */,
			);
			name = InfoPlist.strings;
			sourceTree = "<group>";
		};
/* End PBXVariantGroup section */

/* Begin XCBuildConfiguration section */
		DA3991B118EBB6BA00FAF152 /* Debug */ = {
			isa = XCBuildConfiguration;
			buildSettings = {
				ALWAYS_SEARCH_USER_PATHS = NO;
				CLANG_CXX_LANGUAGE_STANDARD = "gnu++0x";
				CLANG_CXX_LIBRARY = "libc++";
				CLANG_ENABLE_MODULES = YES;
				CLANG_ENABLE_OBJC_ARC = YES;
				CLANG_WARN_BOOL_CONVERSION = YES;
				CLANG_WARN_CONSTANT_CONVERSION = YES;
				CLANG_WARN_DIRECT_OBJC_ISA_USAGE = YES_ERROR;
				CLANG_WARN_EMPTY_BODY = YES;
				CLANG_WARN_ENUM_CONVERSION = YES;
				CLANG_WARN_INT_CONVERSION = YES;
				CLANG_WARN_OBJC_ROOT_CLASS = YES_ERROR;
				CLANG_WARN__DUPLICATE_METHOD_MATCH = YES;
				"CODE_SIGN_IDENTITY[sdk=iphoneos*]" = "iPhone Developer";
				COPY_PHASE_STRIP = NO;
				GCC_C_LANGUAGE_STANDARD = gnu99;
				GCC_DYNAMIC_NO_PIC = NO;
				GCC_OPTIMIZATION_LEVEL = 0;
				GCC_PREPROCESSOR_DEFINITIONS = (
					"DEBUG=1",
					"$(inherited)",
				);
				GCC_SYMBOLS_PRIVATE_EXTERN = NO;
				GCC_WARN_64_TO_32_BIT_CONVERSION = YES;
				GCC_WARN_ABOUT_RETURN_TYPE = YES_ERROR;
				GCC_WARN_UNDECLARED_SELECTOR = YES;
				GCC_WARN_UNINITIALIZED_AUTOS = YES_AGGRESSIVE;
				GCC_WARN_UNUSED_FUNCTION = YES;
				GCC_WARN_UNUSED_VARIABLE = YES;
				IPHONEOS_DEPLOYMENT_TARGET = 6.0;
				ONLY_ACTIVE_ARCH = YES;
				PROVISIONING_PROFILE = "";
				SDKROOT = iphoneos;
			};
			name = Debug;
		};
		DA3991B218EBB6BA00FAF152 /* Release */ = {
			isa = XCBuildConfiguration;
			buildSettings = {
				ALWAYS_SEARCH_USER_PATHS = NO;
				CLANG_CXX_LANGUAGE_STANDARD = "gnu++0x";
				CLANG_CXX_LIBRARY = "libc++";
				CLANG_ENABLE_MODULES = YES;
				CLANG_ENABLE_OBJC_ARC = YES;
				CLANG_WARN_BOOL_CONVERSION = YES;
				CLANG_WARN_CONSTANT_CONVERSION = YES;
				CLANG_WARN_DIRECT_OBJC_ISA_USAGE = YES_ERROR;
				CLANG_WARN_EMPTY_BODY = YES;
				CLANG_WARN_ENUM_CONVERSION = YES;
				CLANG_WARN_INT_CONVERSION = YES;
				CLANG_WARN_OBJC_ROOT_CLASS = YES_ERROR;
				CLANG_WARN__DUPLICATE_METHOD_MATCH = YES;
				"CODE_SIGN_IDENTITY[sdk=iphoneos*]" = "iPhone Developer";
				COPY_PHASE_STRIP = YES;
				ENABLE_NS_ASSERTIONS = NO;
				GCC_C_LANGUAGE_STANDARD = gnu99;
				GCC_WARN_64_TO_32_BIT_CONVERSION = YES;
				GCC_WARN_ABOUT_RETURN_TYPE = YES_ERROR;
				GCC_WARN_UNDECLARED_SELECTOR = YES;
				GCC_WARN_UNINITIALIZED_AUTOS = YES_AGGRESSIVE;
				GCC_WARN_UNUSED_FUNCTION = YES;
				GCC_WARN_UNUSED_VARIABLE = YES;
				IPHONEOS_DEPLOYMENT_TARGET = 6.0;
				SDKROOT = iphoneos;
				VALIDATE_PRODUCT = YES;
			};
			name = Release;
		};
		DA3991B418EBB6BA00FAF152 /* Debug */ = {
			isa = XCBuildConfiguration;
			buildSettings = {
				ALWAYS_SEARCH_USER_PATHS = NO;
				"ARCHS[sdk=*]" = "$(ARCHS_STANDARD_32_BIT)";
				CLANG_CXX_LIBRARY = "libstdc++";
				CODE_SIGN_IDENTITY = "iPhone Developer: Dong Wang (HA4FSGGCZH)";
				"CODE_SIGN_IDENTITY[sdk=iphoneos*]" = "iPhone Developer: Dong Wang (HA4FSGGCZH)";
				EXCLUDED_SOURCE_FILE_NAMES = "";
				FRAMEWORK_SEARCH_PATHS = (
					"$(inherited)",
					"$(PROJECT_DIR)/pregnancyTests",
					"$(PROJECT_DIR)/pregnancy/ThirdPartyLib/umeng/umeng_ios_social_sdk_4.0_custom/UMSocial_Sdk_Extra_Frameworks/TencentOpenAPI",
				);
				GCC_PRECOMPILE_PREFIX_HEADER = YES;
				GCC_PREFIX_HEADER = "pregnancy/pregnancy-Prefix.pch";
				INFOPLIST_FILE = "pregnancy/pregnancy-Info.plist";
				IPHONEOS_DEPLOYMENT_TARGET = 6.0;
				LIBRARY_SEARCH_PATHS = (
					"$(inherited)",
					"$(PROJECT_DIR)/pregnancy/ThirdPartyLib/umeng/feedback",
					"$(PROJECT_DIR)/pregnancy/ThirdPartyLib/umeng",
					"$(PROJECT_DIR)/pregnancy/ThirdPartyLib/umeng/UMAppNetwork",
					"$(PROJECT_DIR)/pregnancy/ThirdPartyLib/GDT_iOS_SDK",
					"$(PROJECT_DIR)/pregnancy/ThirdPartyLib/MAA_iOS_SDK_3.3.4.270",
					"$(PROJECT_DIR)/pregnancy/ThirdPartyLib/Baidu_Mob_SDK",
					"$(PROJECT_DIR)/pregnancy/ThirdPartyLib/umeng/umeng_ios_social_sdk_4.0_custom/UMSocial_Sdk_4.0",
					"$(PROJECT_DIR)/pregnancy/ThirdPartyLib/umeng/umeng_ios_social_sdk_4.0_custom/UMSocial_Sdk_Extra_Frameworks/Sina",
					"$(PROJECT_DIR)/pregnancy/ThirdPartyLib/umeng/umeng_ios_social_sdk_4.0_custom/UMSocial_Sdk_Extra_Frameworks/TencentOpenAPI",
					"$(PROJECT_DIR)/pregnancy/ThirdPartyLib/umeng/umeng_ios_social_sdk_4.0_custom/UMSocial_Sdk_Extra_Frameworks/Wechat",
					"$(PROJECT_DIR)/pregnancy/ThirdPartyLib/EncodeAPI",
				);
				ONLY_ACTIVE_ARCH = NO;
				OTHER_LDFLAGS = (
					"-ObjC",
					"-lstdc++",
				);
				PRODUCT_NAME = "$(TARGET_NAME)";
				PROVISIONING_PROFILE = "cccb50bd-1082-4600-b2ea-b448bf1343af";
				VALID_ARCHS = armv7;
				WRAPPER_EXTENSION = app;
			};
			name = Debug;
		};
		DA3991B518EBB6BA00FAF152 /* Release */ = {
			isa = XCBuildConfiguration;
			buildSettings = {
				ALWAYS_SEARCH_USER_PATHS = NO;
				"ARCHS[sdk=*]" = "$(ARCHS_STANDARD_32_BIT)";
				CLANG_CXX_LIBRARY = "libstdc++";
				CODE_SIGN_IDENTITY = "iPhone Developer: Dong Wang (HA4FSGGCZH)";
				"CODE_SIGN_IDENTITY[sdk=iphoneos*]" = "iPhone Developer: Dong Wang (HA4FSGGCZH)";
				EXCLUDED_SOURCE_FILE_NAMES = (
					"FLEX*",
					"MemoryWarning*",
					"iConsole*",
					"TestHelper*",
					"GTMStackTrace*",
				);
				FRAMEWORK_SEARCH_PATHS = (
					"$(inherited)",
					"$(PROJECT_DIR)/pregnancyTests",
					"$(PROJECT_DIR)/pregnancy/ThirdPartyLib/umeng/umeng_ios_social_sdk_4.0_custom/UMSocial_Sdk_Extra_Frameworks/TencentOpenAPI",
				);
				GCC_PRECOMPILE_PREFIX_HEADER = YES;
				GCC_PREFIX_HEADER = "pregnancy/pregnancy-Prefix.pch";
				INFOPLIST_FILE = "pregnancy/pregnancy-Info.plist";
				IPHONEOS_DEPLOYMENT_TARGET = 6.0;
				LIBRARY_SEARCH_PATHS = (
					"$(inherited)",
					"$(PROJECT_DIR)/pregnancy/ThirdPartyLib/umeng/feedback",
					"$(PROJECT_DIR)/pregnancy/ThirdPartyLib/umeng",
					"$(PROJECT_DIR)/pregnancy/ThirdPartyLib/umeng/UMAppNetwork",
					"$(PROJECT_DIR)/pregnancy/ThirdPartyLib/GDT_iOS_SDK",
					"$(PROJECT_DIR)/pregnancy/ThirdPartyLib/MAA_iOS_SDK_3.3.4.270",
					"$(PROJECT_DIR)/pregnancy/ThirdPartyLib/Baidu_Mob_SDK",
					"$(PROJECT_DIR)/pregnancy/ThirdPartyLib/umeng/umeng_ios_social_sdk_4.0_custom/UMSocial_Sdk_4.0",
					"$(PROJECT_DIR)/pregnancy/ThirdPartyLib/umeng/umeng_ios_social_sdk_4.0_custom/UMSocial_Sdk_Extra_Frameworks/Sina",
					"$(PROJECT_DIR)/pregnancy/ThirdPartyLib/umeng/umeng_ios_social_sdk_4.0_custom/UMSocial_Sdk_Extra_Frameworks/TencentOpenAPI",
					"$(PROJECT_DIR)/pregnancy/ThirdPartyLib/umeng/umeng_ios_social_sdk_4.0_custom/UMSocial_Sdk_Extra_Frameworks/Wechat",
					"$(PROJECT_DIR)/pregnancy/ThirdPartyLib/EncodeAPI",
				);
				ONLY_ACTIVE_ARCH = NO;
				OTHER_LDFLAGS = (
					"-ObjC",
					"-lstdc++",
				);
				PRODUCT_NAME = "$(TARGET_NAME)";
				PROVISIONING_PROFILE = "06DB0F21-C2A2-4150-ACE0-1E72CBA51CAE";
				VALID_ARCHS = armv7;
				WRAPPER_EXTENSION = app;
			};
			name = Release;
		};
		DA3991B718EBB6BA00FAF152 /* Debug */ = {
			isa = XCBuildConfiguration;
			buildSettings = {
				BUNDLE_LOADER = "$(BUILT_PRODUCTS_DIR)/pregnancy.app/pregnancy";
				FRAMEWORK_SEARCH_PATHS = (
					"$(SDKROOT)/Developer/Library/Frameworks",
					"$(inherited)",
					"$(DEVELOPER_FRAMEWORKS_DIR)",
				);
				GCC_PRECOMPILE_PREFIX_HEADER = YES;
				GCC_PREFIX_HEADER = "pregnancy/pregnancy-Prefix.pch";
				GCC_PREPROCESSOR_DEFINITIONS = (
					"DEBUG=1",
					"$(inherited)",
				);
				INFOPLIST_FILE = "pregnancyTests/pregnancyTests-Info.plist";
				PRODUCT_NAME = "$(TARGET_NAME)";
				TEST_HOST = "$(BUNDLE_LOADER)";
				WRAPPER_EXTENSION = xctest;
			};
			name = Debug;
		};
		DA3991B818EBB6BA00FAF152 /* Release */ = {
			isa = XCBuildConfiguration;
			buildSettings = {
				BUNDLE_LOADER = "$(BUILT_PRODUCTS_DIR)/pregnancy.app/pregnancy";
				FRAMEWORK_SEARCH_PATHS = (
					"$(SDKROOT)/Developer/Library/Frameworks",
					"$(inherited)",
					"$(DEVELOPER_FRAMEWORKS_DIR)",
				);
				GCC_PRECOMPILE_PREFIX_HEADER = YES;
				GCC_PREFIX_HEADER = "pregnancy/pregnancy-Prefix.pch";
				INFOPLIST_FILE = "pregnancyTests/pregnancyTests-Info.plist";
				PRODUCT_NAME = "$(TARGET_NAME)";
				TEST_HOST = "$(BUNDLE_LOADER)";
				WRAPPER_EXTENSION = xctest;
			};
			name = Release;
		};
/* End XCBuildConfiguration section */

/* Begin XCConfigurationList section */
		DA39917C18EBB6BA00FAF152 /* Build configuration list for PBXProject "pregnancy" */ = {
			isa = XCConfigurationList;
			buildConfigurations = (
				DA3991B118EBB6BA00FAF152 /* Debug */,
				DA3991B218EBB6BA00FAF152 /* Release */,
			);
			defaultConfigurationIsVisible = 0;
			defaultConfigurationName = Release;
		};
		DA3991B318EBB6BA00FAF152 /* Build configuration list for PBXNativeTarget "pregnancy" */ = {
			isa = XCConfigurationList;
			buildConfigurations = (
				DA3991B418EBB6BA00FAF152 /* Debug */,
				DA3991B518EBB6BA00FAF152 /* Release */,
			);
			defaultConfigurationIsVisible = 0;
			defaultConfigurationName = Release;
		};
		DA3991B618EBB6BA00FAF152 /* Build configuration list for PBXNativeTarget "pregnancyTests" */ = {
			isa = XCConfigurationList;
			buildConfigurations = (
				DA3991B718EBB6BA00FAF152 /* Debug */,
				DA3991B818EBB6BA00FAF152 /* Release */,
			);
			defaultConfigurationIsVisible = 0;
			defaultConfigurationName = Release;
		};
/* End XCConfigurationList section */

/* Begin XCVersionGroup section */
		DA39919818EBB6BA00FAF152 /* pregnancy.xcdatamodeld */ = {
			isa = XCVersionGroup;
			children = (
				DA39919918EBB6BA00FAF152 /* pregnancy.xcdatamodel */,
			);
			currentVersion = DA39919918EBB6BA00FAF152 /* pregnancy.xcdatamodel */;
			path = pregnancy.xcdatamodeld;
			sourceTree = "<group>";
			versionGroupType = wrapper.xcdatamodel;
		};
/* End XCVersionGroup section */
	};
	rootObject = DA39917918EBB6BA00FAF152 /* Project object */;
}
